# base: registry.fedoraproject.org/fedora:43@sha256:a60334b24af6818e9ccf199d188b5ddef1c3d7f549470b560d9b744c78c2c58b
# inputs: 1a8c29a3347c98fa807c94d1242878fc634514b0a1e9e37a5ae66bac58aff7ca
# key: c6e7f081cf80e13146676e88829b606631645531
57fccf70dd9d4d15e3e3c292e93043b389ea85d0daeae77ee21aa70825b0dead  cpio-2.15-6.fc43.x86_64.rpm  cpio/2.15/6.fc43
85e85b1745d938c25424278f70c26fd1b1942ceb71068ce714a094d987f88dc1  sbsigntools-0.9.5-13.fc43.x86_64.rpm  sbsigntools/0.9.5/13.fc43
