# base: registry.fedoraproject.org/fedora:43@sha256:005ce311c13eaa639de9d9c52e470f10652c7371561697fb8c1c6e852e23c481
# kernel: 7.2.9-100.fc43
# inputs: b0cfec56625e7ce792b3f93d1e427f8a57c5b72b8bcb7f611471d8c796450762
# key: c6e7f081cf80e13146676e88829b606631645531
1887d19845b615759af91c72a63bba65c9dc9ba922d4cacf3fcb08f08311cf67  add-determinism-0.6.0-3.fc43.x86_64.rpm  rust-add-determinism/0.6.0/3.fc43
9891e5b6812fbe962c691d08e203b01d6859afbcc88576613d3368036dcc8520  annobin-docs-12.99-1.fc43.noarch.rpm  annobin/12.99/1.fc43
bddf50c9a2503c7f5b82994c84a562fb25142192003204ecbc0ce95b51cc2df0  annobin-plugin-gcc-12.99-1.fc43.x86_64.rpm  annobin/12.99/1.fc43
5975ec30c1bbdc17a1e29eedf166b64fc78607fee78db90e5ed42cd2896b2d36  ansible-srpm-macros-1-18.1.fc43.noarch.rpm  ansible-packaging/1/18.1.fc43
83540ce104993d1e1a33967ae407ce46821c82395a1a90d61bfeb7ea32b55873  bc-1.08.2-2.fc43.x86_64.rpm  bc/1.08.2/2.fc43
fec3172d288386353f0fb8f3d296280646f5c127c62fa7bdf0883202b89a0d14  bindgen-cli-0.72.1-4.fc43.x86_64.rpm  rust-bindgen-cli/0.72.1/4.fc43
2969b12d59c8956487814f76d620d7f2c94b981cf6005d871b809e6218a88f75  binutils-2.45.1-5.fc43.x86_64.rpm  binutils/2.45.1/5.fc43
c32ff7f7a1eef457b97489ddc268775ac1ae5cb25c98b9ff06d101fd935a9ab4  bison-3.8.2-11.fc43.x86_64.rpm  bison/3.8.2/11.fc43
bf3f93da0b463283c8a0c2952586c9b3c94150ae56907321a9c40c624533641c  build-reproducibility-srpm-macros-0.6.0-3.fc43.noarch.rpm  rust-add-determinism/0.6.0/3.fc43
f572f29bbf07a93e1aa1ca4c2149255cc978f8eed8abf1f21ad5f89ee9cb0d89  cargo-1.98.1-1.fc43.x86_64.rpm  rust/1.98.1/1.fc43
5743670afa9407220328cc54ba59272ce16918969643de66ab438affcf25b9db  clang-21.1.8-6.fc43.x86_64.rpm  llvm/21.1.8/6.fc43
743c195f7644d647a113fe123c5e00ebba8735305b52fcb49020ca788ef2819f  clang-libs-21.1.8-6.fc43.x86_64.rpm  llvm/21.1.8/6.fc43
4370885c73f9cb643c4cc63ec2da19aac10006ca3f654956bb662ac6b5c9ff34  clang-resource-filesystem-21.1.8-6.fc43.x86_64.rpm  llvm/21.1.8/6.fc43
bf9625bbd6a7bcc1c9e1e80b9fa8e231bcafadf22bc69bb9b330010595bad94f  clippy-1.98.1-1.fc43.x86_64.rpm  rust/1.98.1/1.fc43
a645873054c9cd01e6bfca6f9434ca0e14f6c32b003eaa02c3bc1ebcc9f6f144  cmake-filesystem-3.31.11-1.fc43.x86_64.rpm  cmake/3.31.11/1.fc43
b2e1e031e5d7c29557b6cce39db25a435ee1e53698d376d9a111fd5670676d56  cmake-srpm-macros-3.31.11-1.fc43.noarch.rpm  cmake/3.31.11/1.fc43
57fccf70dd9d4d15e3e3c292e93043b389ea85d0daeae77ee21aa70825b0dead  cpio-2.15-6.fc43.x86_64.rpm  cpio/2.15/6.fc43
dda7e77b4003f5dd9bf1d68497aa4db35c9052b6aa4fc47e7c0ad908c6e0dd4f  cpp-15.3.1-1.fc43.x86_64.rpm  gcc/15.3.1/1.fc43
68867dd0c3d268d2c015d30d920ef1fe27169ed73a536f89565913f776c9a79e  cryptsetup-libs-2.8.7-1.fc43.x86_64.rpm  cryptsetup/2.8.7/1.fc43
ab01ecf74dffed104a83dc1adc2a39fdccdee3efe1b9c42bd11bbe5d460546ae  dbus-1.16.2-1.fc43.x86_64.rpm  dbus/1.16.2/1.fc43
973dbced6f9ded6820eaa6f5c38a4ab678c930f5530807d02cc5cf3d56f2df3e  dbus-broker-37-2.fc43.x86_64.rpm  dbus-broker/37/2.fc43
2b2a1ec2d308f6462ca4762f696edb117f05790dacb5d74ad016fd0c07039ce6  dbus-common-1.16.2-1.fc43.noarch.rpm  dbus/1.16.2/1.fc43
45a3704aa738ad3d3e60918e2f3552fc4c2128b5a6c2bc07ab2ea73724f72240  debugedit-5.2-3.fc43.x86_64.rpm  debugedit/5.2/3.fc43
63cfa380b6b48cef6e7bb82ead8099e6352dc06f5b0c3470725d2899f6f9502a  device-mapper-1.02.208-2.fc43.x86_64.rpm  lvm2/2.03.34/2.fc43
899fc66bffd7bc7c17566dbe493c69d9acf404fa19c19df70e5f95721db5c70a  device-mapper-event-1.02.208-2.fc43.x86_64.rpm  lvm2/2.03.34/2.fc43
a4f2108f31a2b4c478fd5b798bc7525a453fff9472db73c76ffb67f1e43ec350  device-mapper-event-libs-1.02.208-2.fc43.x86_64.rpm  lvm2/2.03.34/2.fc43
59ca5c21b89f63b075b310cabe7151f218581b27fbdc6295d287d39291d1da1b  device-mapper-libs-1.02.208-2.fc43.x86_64.rpm  lvm2/2.03.34/2.fc43
604d5a2fd09cc67bfecffdf6eb479f00f7d5e4a81d7310a943a85983cf1cf956  device-mapper-persistent-data-1.3.3-1.fc43.x86_64.rpm  device-mapper-persistent-data/1.3.3/1.fc43
dd29e6caacf285026ea52f23216e300be8c15f6b3ef2e15096e047fbdfbdbfd8  diffutils-3.12-3.fc43.x86_64.rpm  diffutils/3.12/3.fc43
584a02903198e9d04c05b55b520e5fdea480834ff91627061a9cd293d2e59a33  dosfstools-4.2-16.fc43.x86_64.rpm  dosfstools/4.2/16.fc43
243e86b0043df69b31eb0e5f6e0c0b08bcf208286b6224c570a1780866620b98  dracut-107-8.fc43.x86_64.rpm  dracut/107/8.fc43
e3517b10ca969f255bc66ea1c76c6afa1ef4d642d6cbb91070c55edacca9e8bd  dwarves-1.32-1.fc43.x86_64.rpm  dwarves/1.32/1.fc43
2d744cfea651fe2d7cebea428bc05aa11b10687b1e3e7e802305e0da3a5a99e6  dwz-0.16-2.fc43.x86_64.rpm  dwz/0.16/2.fc43
83cd25ef03083fc33cd665ecfbfceda98e3eac2bb9777b4cf896ef538e788477  e2fsprogs-1.47.3-2.fc43.x86_64.rpm  e2fsprogs/1.47.3/2.fc43
5e0d2f95049fdb27dde5220d9236d773e876be8dafce7fbe11e4bce7a6146bf1  e2fsprogs-libs-1.47.3-2.fc43.x86_64.rpm  e2fsprogs/1.47.3/2.fc43
58d8aabc349a4f873ccc09e7981de7b36f4b16735df53c41e9886aa2ca4f4230  ed-1.22.2-1.fc43.x86_64.rpm  ed/1.22.2/1.fc43
3645e38fbd0dffb689928ff56e682225a98fde6f1ac0fb7413e9367d2bcd4997  efi-srpm-macros-6-4.fc43.noarch.rpm  efi-rpm-macros/6/4.fc43
aa2928e6b0a66e28cb16e6c67e50876f1ed6d2420e9f6b4ea2cd552beb099f2e  efivar-libs-39-10.fc43.x86_64.rpm  efivar/39/10.fc43
4ef5d94dd85ce4124af2e035adf8df06c79d19e15febef3f767e693a1d8cb110  elfutils-0.196-1.fc43.x86_64.rpm  elfutils/0.196/1.fc43
6c0448ab58176c5041572d4958f24cdb46c1c0ee7007b2f24a577286a9647973  elfutils-debuginfod-client-0.196-1.fc43.x86_64.rpm  elfutils/0.196/1.fc43
34739b7cfc51efdd4edbd35673ca59ba93b5f8f6d43e4fb087a583bea3ee6534  elfutils-devel-0.196-1.fc43.x86_64.rpm  elfutils/0.196/1.fc43
a75d4b7654d144ed5c977244cf5639d867e8ae9be170bcd263e36c6f5f3fb2db  elfutils-libelf-devel-0.196-1.fc43.x86_64.rpm  elfutils/0.196/1.fc43
04e597976539414f5553e10f633eee56f496080508cab0c93b3f3c1ff2320a1c  expat-2.8.3-1.fc43.x86_64.rpm  expat/2.8.3/1.fc43
a23eb11f5d367bb538f1a2cfb723eabc8434b0a6ec6a1c4353a7f4e9ed9b0a6d  file-5.46-9.fc43.x86_64.rpm  file/5.46/9.fc43
4c376c080a49a8eae076242180a2c5ab55fea163a866f3de3b558da9f6a86e95  filesystem-srpm-macros-3.18-50.fc43.noarch.rpm  filesystem/3.18/50.fc43
b8b366c8e9b8a7e084e60346ce03b5305094ad9190df5dbe66f68c9458d0b8d3  flex-2.6.4-20.fc43.x86_64.rpm  flex/2.6.4/20.fc43
faff07cc16a9768b540c932d67f0fd13d695604fe002e33cdcd9a574ddbd0e0c  fonts-srpm-macros-2.0.5-23.fc43.noarch.rpm  fonts-rpm-macros/2.0.5/23.fc43
7e479b272bfc342e73f58186ac2f31664b4e810dee71f127799cac5a2916aea9  forge-srpm-macros-0.4.0-3.fc43.noarch.rpm  forge-srpm-macros/0.4.0/3.fc43
a58698e716336a65788ef1a23ed9fe4446e1317b287b8208129d2c92941bc17d  fpc-srpm-macros-1.3-15.fc43.noarch.rpm  fpc-srpm-macros/1.3/15.fc43
669eff5763db0e9016634414ef7f4fb82e687c5fbef5bc3d375355d3af7a9b39  fuse3-libs-3.16.2-6.fc43.x86_64.rpm  fuse3/3.16.2/6.fc43
1de139e6740fdbdede216815da8a5f5c0a698da3b6c39ce4b97435e929c2c4e4  gap-srpm-macros-2-1.fc43.noarch.rpm  gap-srpm-macros/2/1.fc43
da3cf12f62c4037e89b5fb76d185a002aa68aa2b6431e8d4d700ea86d7fa2103  gcc-15.3.1-1.fc43.x86_64.rpm  gcc/15.3.1/1.fc43
141293304a3935f9457eb475ddf599a71ad76b253883d119749704249f54ec8d  gcc-c++-15.3.1-1.fc43.x86_64.rpm  gcc/15.3.1/1.fc43
21b8dc161ab2223f314b00617aa6dd849d1b77b7f843e3ef30807d9c4784457d  gcc-plugin-annobin-15.3.1-1.fc43.x86_64.rpm  gcc/15.3.1/1.fc43
0d33bc5c39fa9435196fff9389cb262862f9f45f99c0d919befc5c791e2d3f05  gdb-minimal-17.2-2.fc43.x86_64.rpm  gdb/17.2/2.fc43
9713150511786795222cdfc7739404a7fd945e6b8e1e90f1ede8219aaa624872  ghc-srpm-macros-1.9.2-3.fc43.noarch.rpm  ghc-srpm-macros/1.9.2/3.fc43
8df5fdeb2e19e958e265ebe6fd1a48c1ea832d72741e01d38221c1214fde73f2  git-2.56.0-1.fc43.x86_64.rpm  git/2.56.0/1.fc43
6aa10d035b4cd3e431983fe2ee2d6438346e98751c08537571f6fa42fbc8b318  git-core-2.56.0-1.fc43.x86_64.rpm  git/2.56.0/1.fc43
9e0ed1144f5e2957ecccca983bba5b52ea7b452d885388b471e4c54156561348  git-core-doc-2.56.0-1.fc43.noarch.rpm  git/2.56.0/1.fc43
1f6e97cc834f6d693633acb58ad0f231f584150cc08c84eedae9a9a7327d350e  glibc-devel-2.42-17.fc43.x86_64.rpm  glibc/2.42/17.fc43
f2e7e5b72d5a848e413bf19da56342a4a3836c3769b57db1fe1d75c90e0a9bc7  glibc-gconv-extra-2.42-17.fc43.x86_64.rpm  glibc/2.42/17.fc43
bcee09aff26d410dbaf307e303f48326cc46246f3f01119abf553265be759a5a  glibc-static-2.42-17.fc43.x86_64.rpm  glibc/2.42/17.fc43
c8f7500f95bb05419956705b19dfcaecc32abeb9dcfb44663ba38fa93f78424e  gnat-srpm-macros-7-1.fc43.noarch.rpm  gnat-srpm-macros/7/1.fc43
a14cb218bea16c733b09ab6ef4242b331433507eb76763584552aefeb142c525  gnome-srpm-macros-1.0-1.fc43.noarch.rpm  gnome-srpm-macros/1.0/1.fc43
e40badf4ae6288315c09927e8c9b5204cd4260dd55974b55062b1c06ca329d4c  go-srpm-macros-3.8.0-1.fc43.noarch.rpm  go-rpm-macros/3.8.0/1.fc43
7c89fcadf4644cb83a7f048c12ff699cbcdc1a18f614574e128f9798239eff55  gpgverify-2.2-3.fc43.noarch.rpm  gpgverify/2.2/3.fc43
5a3d020224bac53572bce86ab0ed54d3bd0cc44beadcd6a4670da374c0eba199  groff-base-1.23.0-11.fc43.x86_64.rpm  groff/1.23.0/11.fc43
d51555a97f2ad1b40d3d69196cc5d52a172173a5a60cc00a7b15aa493f619a65  hostname-3.25-3.fc43.x86_64.rpm  hostname/3.25/3.fc43
f3548f9ca0b5ddd326df677da39a1b9f216f85a4046a295b99b3e1adc9b11ae7  inih-62-1.fc43.x86_64.rpm  inih/62/1.fc43
921b0dae9b5d23da9abb7caa726b507a61b639eaa048e94f80cca3747f2ca459  jansson-2.14-3.fc43.x86_64.rpm  jansson/2.14/3.fc43
f8625511bceabb206ac559bf0afde8bbab68ffb8c83266a22574cd14bf8d467d  java-srpm-macros-1-7.fc43.noarch.rpm  java-rpm-macros/1/7.fc43
c939b9f84cf5fbab95de608c65ad6211d2d661240a75f0858318a3fbde6bdc14  kbd-2.8.0-4.fc43.x86_64.rpm  kbd/2.8.0/4.fc43
fa8a2c211910a6d40dc9cf9a9c8838f80d4393c57639b78338b2fca75d78ae62  kbd-legacy-2.8.0-4.fc43.noarch.rpm  kbd/2.8.0/4.fc43
ed29e9586a6e07d1ed59f313807a34a55519f4050c0474b295451ac4800041d5  kbd-misc-2.8.0-4.fc43.noarch.rpm  kbd/2.8.0/4.fc43
500eefd759fcccdcda764cdae3eaac95ec9f5fcd81118c49b74a1098edd05345  kernel-headers-7.2.4-100.fc43.x86_64.rpm  kernel-headers/7.2.4/100.fc43
6fab9fcda987095bae66d5b753513ee292211d4004a6125080aaccb0aa57c7fa  kernel-rpm-macros-205-27.fc43.noarch.rpm  kernel-srpm-macros/1.0/27.fc43
6d44b3955a9a54f5b3353aa797be3fa02d33f9cf19dcd3a78812612a9ba45e53  kernel-srpm-macros-1.0-27.fc43.noarch.rpm  kernel-srpm-macros/1.0/27.fc43
2ff7b5c219533d90ca689694385c74de48a1ed3cfbe2884aad19cccb13e7788e  kmod-34.2-2.fc43.x86_64.rpm  kmod/34.2/2.fc43
f8bc854c7486f2a0744009d44180c3c237cec1f75b88a5cc13b1da959968e3f2  kmod-libs-34.2-2.fc43.x86_64.rpm  kmod/34.2/2.fc43
f8613b66708a1f1f5ca8b45699b79418ec2885db35c2155e552b5bec871fb915  less-704-4.fc43.x86_64.rpm  less/704/4.fc43
ffd9eccb37845174555fd497cbd4d0d765dd0fed8a6313dadd515a02c3bb0ff9  libaio-0.3.111-22.fc43.x86_64.rpm  libaio/0.3.111/22.fc43
0cdabd5c8220186eb77a1768b87418112d34794277fb24453a8432f2fb5bfaf7  libcbor-0.12.0-6.fc43.x86_64.rpm  libcbor/0.12.0/6.fc43
82a9301cbdce1483cafe5a5598b26b01e029cacc48122c9ae3e90aac43982dcd  libdwarves1-1.32-1.fc43.x86_64.rpm  dwarves/1.32/1.fc43
f194ddf604b629de9cec615f0fe01782e248b3b96406a0bf0808c860b829b657  libedit-3.1-58.20260512cvs.fc43.x86_64.rpm  libedit/3.1/58.20260512cvs.fc43
e683f03e2c864e5d4b455a36920df599b1c0a6625ad98e31245750ee21654829  libfdisk-2.41.5-1.fc43.x86_64.rpm  util-linux/2.41.5/1.fc43
e9ca30655b9837a8539357954ab9c0ebfe8c165f9f05ad50d07af1546daaea34  libfido2-1.16.0-3.fc43.x86_64.rpm  libfido2/1.16.0/3.fc43
1a86cf089fd85805f382e908807daf2074eef923896dae2bcf8766741b45652a  libgit2-1.9.7-1.fc43.x86_64.rpm  libgit2/1.9.7/1.fc43
4203a8e5efdfc681a66690b0b852cb0815be89ed98823476379705d39d71a071  libkcapi-1.5.0-6.fc43.x86_64.rpm  libkcapi/1.5.0/6.fc43
0dd2ba05ed30734fbf0af73d957f951885c1b6d01e9ccd7d33de568652dc9308  libkcapi-hasher-1.5.0-6.fc43.x86_64.rpm  libkcapi/1.5.0/6.fc43
f5e89ff1e464ccc063fd6851c28e4fdb3f502197d030fd390daed736e34fe103  libkcapi-hmaccalc-1.5.0-6.fc43.x86_64.rpm  libkcapi/1.5.0/6.fc43
206f1f6f66fad934c7fb3bbdac4c07e0b6f467e33d609e3a4c37ca615c9ffb83  liblastlog2-2.41.5-1.fc43.x86_64.rpm  util-linux/2.41.5/1.fc43
0e939f8c2f76c15fdf67bd734ea7d17cff8cb413964593021cedf2cf893cc650  libmpc-1.3.1-8.fc43.x86_64.rpm  libmpc/1.3.1/8.fc43
275d632834918ad5787bd2b9a3cbe21fa5bb686bec74b915adfcdc35ee52afc1  libpfm-4.13.0-20.fc43.x86_64.rpm  libpfm/4.13.0/20.fc43
cfcd48adc62fab0575792b9b3e974dbe04f1896d9584e016d8730ee7d4816365  libpkgconf-2.3.0-3.fc43.x86_64.rpm  pkgconf/2.3.0/3.fc43
a53a8b3c7eef71adafae6b691075f197fd80641cc87aaef5ad092f1505f6963b  libseccomp-2.6.1-2.fc43.x86_64.rpm  libseccomp/2.6.1/2.fc43
4e4af2f23705882c551ecc2dd1288c8d517203cc7c86526c6c1fc7442c4786c9  libss-1.47.3-2.fc43.x86_64.rpm  e2fsprogs/1.47.3/2.fc43
b791bf11d91d1228adc14f8a56abc0340a9157091a699056050c6c2d989b85dd  libssh2-1.11.1-9.fc43.x86_64.rpm  libssh2/1.11.1/9.fc43
d6cda1ca54e578c3c26c3e161a4167c7777a586be0a331492359420317259928  libstdc++-devel-15.3.1-1.fc43.x86_64.rpm  gcc/15.3.1/1.fc43
000fa7b8513510f2c858526d2921fa59006fb75c0b6c3c1c002ba8cbbc44d2ca  libxcrypt-devel-4.5.2-1.fc43.x86_64.rpm  libxcrypt/4.5.2/1.fc43
b369c7a7788351f1399b4e32daf00d6437332c47b4d15a3ce5c4df99587f9c98  libxcrypt-static-4.5.2-1.fc43.x86_64.rpm  libxcrypt/4.5.2/1.fc43
89f82fc27d66d516956ec82f643e4af4db1709644dc5456b93a8434c4539cd0c  libzstd-devel-1.5.7-2.fc43.x86_64.rpm  zstd/1.5.7/2.fc43
ceed15b17a687b9eedf2fe2db0fe56f4110af0a3ca18a39a8d1b66ade421dcaf  lld-21.1.8-6.fc43.x86_64.rpm  llvm/21.1.8/6.fc43
8e9dfaafa1de31c3ddf6364f686d7f5c246d6f40c03e524510cb6c1b60d7f1cb  lld-libs-21.1.8-6.fc43.x86_64.rpm  llvm/21.1.8/6.fc43
1a8b86941350bad87c4a12f2495dccdd51233a6b9efffad21c7cdfa1d934b947  llhttp-9.3.1-1.fc43.x86_64.rpm  llhttp/9.3.1/1.fc43
0e28987dcb06a7e67a2ba873b26593de4413d6d6b7c64337b9e499e7bc9f3d29  llvm-21.1.8-6.fc43.x86_64.rpm  llvm/21.1.8/6.fc43
1dc5962d6b093a089fea339d6d14b700b018642ab1fd6ac380d258fc730701f0  llvm-filesystem-21.1.8-6.fc43.x86_64.rpm  llvm/21.1.8/6.fc43
1371a4c462a12ee55c1889054facfd3ed2cf533ebf5087f2d566da36afc8f06a  llvm-libs-21.1.8-6.fc43.x86_64.rpm  llvm/21.1.8/6.fc43
d1516c645af58b3c75f0a2c7e4bd74eece40eb0dccb9e3d5f7b6613bd444ac6a  lua-srpm-macros-1-16.fc43.noarch.rpm  lua-rpm-macros/1/16.fc43
693664ac917392a3bdc9f92db8efb01238a9d870f67ce451d8e371155fec63c0  lvm2-2.03.34-2.fc43.x86_64.rpm  lvm2/2.03.34/2.fc43
6e854d29f6a63717a5dc958a3be5ae3e62e81bb1c048327d79f46919bd8d2606  lvm2-libs-2.03.34-2.fc43.x86_64.rpm  lvm2/2.03.34/2.fc43
b9838c3a50dc0d7c7574876029cce580f305d4dc3217a7a55dfe6bf2a9c708f7  m4-1.4.21-1.fc43.x86_64.rpm  m4/1.4.21/1.fc43
8d62ba58e275f36aac56364993768583a4b7ecaa0719ecb804d46a0df2c91bba  make-4.4.1-11.fc43.x86_64.rpm  make/4.4.1/11.fc43
2e0113c2e1c6edacdd9b548419036cfb1bdb0df6bfca7cd6717c00c80f365ca9  mpdecimal-4.0.1-2.fc43.x86_64.rpm  mpdecimal/4.0.1/2.fc43
d9aa581f2240c040a71c4a1850a2aac5865f18f1c52ef7bd9f925fc83464ab81  ncurses-6.5-7.20250614.fc43.x86_64.rpm  ncurses/6.5/7.20250614.fc43
5a12f05b03f747d543f35b1d204f93de70072a0bee79e8d460ef08d1d2399bd7  ncurses-c++-libs-6.5-7.20250614.fc43.x86_64.rpm  ncurses/6.5/7.20250614.fc43
ba7cbede4049d8875dce16e215c6c5216eae5c988102ff5ee4dfdab7d42ee561  ncurses-devel-6.5-7.20250614.fc43.x86_64.rpm  ncurses/6.5/7.20250614.fc43
8da0aa7b2e7d4e6bae5338041a0c925ec1816a761f0145a3390d44e156d8aed8  net-tools-2.0-0.74.20160912git.fc43.x86_64.rpm  net-tools/2.0/0.74.20160912git.fc43
a557e706e5586a084a146ecb0e4923edab38b9ef32e8d3f8f6eb1e3acbf44be1  nspr-4.39.0-5.fc43.x86_64.rpm  nss/3.129.0/1.fc43
af3e6ec10d6033ba9cabd0559c6f665aa608fc8747bf5f119601aa8eea338049  nss-3.129.0-1.fc43.x86_64.rpm  nss/3.129.0/1.fc43
9a705429f937692013e88d60cdcda7174eee01d529f86809a79d9789ab4e5434  nss-softokn-3.129.0-1.fc43.x86_64.rpm  nss/3.129.0/1.fc43
d7b77a222ce0fec0710a92043a1126bbe49a4067e4622f08c7aa7143d7f86d4a  nss-softokn-freebl-3.129.0-1.fc43.x86_64.rpm  nss/3.129.0/1.fc43
1403b69e91a31e525ce4a5b569f904f82675fec2dda8cbe5eaa2efec7acb7dbe  nss-sysinit-3.129.0-1.fc43.x86_64.rpm  nss/3.129.0/1.fc43
cae1cd8da3b3bc00c7a0eb94b6d1f89fb47004c1572cf3e1e3f55ce3b232cbc7  nss-tools-3.129.0-1.fc43.x86_64.rpm  nss/3.129.0/1.fc43
bd16b5e7a6b7772a62f8d4fd606de349f9363ab65869beca7dc9822f67b81f30  nss-util-3.129.0-1.fc43.x86_64.rpm  nss/3.129.0/1.fc43
66f0a2a158641309393fd0fbefb1187b36413505fec90d0fe456179da4f75ccb  ocaml-srpm-macros-11-2.fc43.noarch.rpm  ocaml-srpm-macros/11/2.fc43
b371be4378f99b8999f50f4a37b955dead512b9516fb315c570772de7e74f126  openblas-srpm-macros-2-20.fc43.noarch.rpm  openblas-srpm-macros/2/20.fc43
1a341e18b54f336892ff5b46aeb5b49fd183e34138e0c8b140ee7fac821e909e  openssh-10.0p1-12.fc43.x86_64.rpm  openssh/10.0p1/12.fc43
8e25314efb98ce9cbf6cdaba7463c63d3da33cad898dfd65a8e74ac7c62aaae2  openssh-clients-10.0p1-12.fc43.x86_64.rpm  openssh/10.0p1/12.fc43
134c516189f239b33a857b7b1bc510737ce8cc1db7142b9bcc347bb7a35bbc4e  openssl-3.5.8-1.fc43.x86_64.rpm  openssl/3.5.8/1.fc43
d5161bd897ffe3289b053a6de3fc652de764b49a045bb58bfa462ba7365ce6b1  openssl-devel-3.5.8-1.fc43.x86_64.rpm  openssl/3.5.8/1.fc43
a1d0719330335f83b98c9a964f57474a545b8b0e0cf9c86b5e7d8ded54c075a9  package-notes-srpm-macros-0.20-1.fc43.noarch.rpm  package-notes/0.20/1.fc43
f01693bd1b93efa8aed8b7d7ac33f0703e075c1ea9e6a3813443a1465881bd39  patch-2.8-2.fc43.x86_64.rpm  patch/2.8/2.fc43
e528ec14f81f13476fba59cbcf19eb50cd8c2e9359e2aee104a4ba5cf6b1858f  perl-AutoLoader-5.74-524.fc43.noarch.rpm  perl/5.42.3/524.fc43
170fd633ee162ba81fd6c1d515466967f3229930b6b943474be905c5df7b9606  perl-AutoSplit-5.74-524.fc43.noarch.rpm  perl/5.42.3/524.fc43
d94ab6a9f8e11c785c3de400d6e02c4f3682bd1bde6941518ac861bcf910776f  perl-B-1.89-524.fc43.x86_64.rpm  perl/5.42.3/524.fc43
fe6a382a704a0cced4ef624d197a9aee6a0190975e376df458a41020e41f1879  perl-Benchmark-1.27-524.fc43.noarch.rpm  perl/5.42.3/524.fc43
86d0fcc60243334524e712aeb4156cda6bf0b53ed63bf8fe7d74bf383b964db2  perl-Carp-1.54-520.fc43.noarch.rpm  perl-Carp/1.54/520.fc43
197d9d2c85cea9a41318f7e4003318bb7bd108ffb901b1c7b38ad2ed1925fb3d  perl-Class-Struct-0.68-524.fc43.noarch.rpm  perl/5.42.3/524.fc43
808479ea66f8ce835d1224b92658613b86fda6f04e9f69591a652d9c9b2c3557  perl-Data-Dumper-2.192-522.fc43.x86_64.rpm  perl-Data-Dumper/2.192/522.fc43
4238098a921b9d17b8dec4c0491c60bd695faee7de1cf34cb6faa08601b38e88  perl-Devel-PPPort-3.73-521.fc43.x86_64.rpm  perl-Devel-PPPort/3.73/521.fc43
12f571634e3ce8c3f0d8559b9f5396f971c458334f28414b68594289d503c8d9  perl-Digest-1.20-520.fc43.noarch.rpm  perl-Digest/1.20/520.fc43
2db1c971ef2869807c7720030fbe224650b57b44cd49fd9d6bfd0e696c75e694  perl-Digest-MD5-2.59-520.fc43.x86_64.rpm  perl-Digest-MD5/2.59/520.fc43
fe46e2a9aa2cac3df3758a25a13407fceec6da513232d4f620973caa2796d15f  perl-DynaLoader-1.57-524.fc43.x86_64.rpm  perl/5.42.3/524.fc43
c79569dca0dedb28a9748ea107d58dcd84701e783de53be30b56ee81592debcf  perl-Encode-3.21-520.fc43.x86_64.rpm  perl-Encode/3.21/520.fc43
14919d7fe25e41cb91374b44a265892dc8e76cc734e1faca20f890d64a06eaf6  perl-Errno-1.38-524.fc43.x86_64.rpm  perl/5.42.3/524.fc43
0fb85b81dbaf0d82f3ce7f8854c503b959601c64b07d41a01673e3bcc813dfb6  perl-Error-0.17030-2.fc43.noarch.rpm  perl-Error/0.17030/2.fc43
cc53f6517505f5ea7954b9ac839298d1bce2714bd4a49b7b1cf905fc39a6655d  perl-Exporter-5.79-520.fc43.noarch.rpm  perl-Exporter/5.79/520.fc43
d53aaa2255d3071b4c107e5344428259a26d02f7cd676106faacfdfbdcec812d  perl-ExtUtils-Command-7.76-521.fc43.noarch.rpm  perl-ExtUtils-MakeMaker/7.76/521.fc43
dd325586b2dd8546382c7a2e288310615e2cdd41634b9d2154d75e0bb796e553  perl-ExtUtils-Constant-0.25-524.fc43.noarch.rpm  perl/5.42.3/524.fc43
cbf5f7b30d5d250b7dae88dfbeba30e9f632ec32a57ea26a130999d1121d745c  perl-ExtUtils-Install-2.22-520.fc43.noarch.rpm  perl-ExtUtils-Install/2.22/520.fc43
37eace475f33205fa8cccabaeb08770ff3eb273df4ea7f2c0294e2a1a81c3330  perl-ExtUtils-MakeMaker-7.76-521.fc43.noarch.rpm  perl-ExtUtils-MakeMaker/7.76/521.fc43
9370839c1114e15392d22dc4e5dab071e9fac713167a7aa3060b4e96e5022305  perl-ExtUtils-Manifest-1.75-520.fc43.noarch.rpm  perl-ExtUtils-Manifest/1.75/520.fc43
ad240483ae3081a899155d1caade5b3b9cfbb89924474252b5b4495a79d0231d  perl-ExtUtils-ParseXS-3.58-2.fc43.noarch.rpm  perl-ExtUtils-ParseXS/3.58/2.fc43
0a971775759e843335d782602ae23746f422d60e641aa46bfd9c1d8feea4510e  perl-Fcntl-1.20-524.fc43.x86_64.rpm  perl/5.42.3/524.fc43
8eb7eb441ddad204b0c3e585199a1c76e60ad7f3fad9e00341322124491449f0  perl-Fedora-VSP-0.001-37.fc43.noarch.rpm  perl-Fedora-VSP/0.001/37.fc43
87694504162a29d94c5d1a49a2610f374bf5b0b1a02702ff4369fe90eac9387b  perl-File-Basename-2.86-524.fc43.noarch.rpm  perl/5.42.3/524.fc43
f6d145056ac632a26f748646a5118b3e5f156378309dbe275a8c73bf879e878c  perl-File-Compare-1.100.800-524.fc43.noarch.rpm  perl/5.42.3/524.fc43
72e0608fc25ecbe8044ed1fea92977b87bfe208da23144724f78538292317a93  perl-File-Copy-2.41-524.fc43.noarch.rpm  perl/5.42.3/524.fc43
e3fadaada36b90a5262efbf98f227e3650a661de923bf102167ab03b937fadb9  perl-File-Find-1.44-524.fc43.noarch.rpm  perl/5.42.3/524.fc43
2e1f5f7bad27aa20cc6c6e66bd65e6f8f23a559c770f3db1ae9e3fdadecca1f3  perl-File-Path-2.18-520.fc43.noarch.rpm  perl-File-Path/2.18/520.fc43
4032851b6945afbf5e67c18a0eaff83d8f5dfdd8aaa177a7fb3e113d6a79976c  perl-File-Temp-0.231.100-520.fc43.noarch.rpm  perl-File-Temp/0.231.100/520.fc43
2d557aa026ca52a490f3b6a0cbf168e04fc4b9ce14b3b977edc522fd49f730d9  perl-File-stat-1.14-524.fc43.noarch.rpm  perl/5.42.3/524.fc43
1fcffa9a011a0a87ee97b1b315d1a81793b7e9c9ce6f660988cbaee747f84fed  perl-FileHandle-2.05-524.fc43.noarch.rpm  perl/5.42.3/524.fc43
9d006fb2fd884058ea885de08e44470525dd899428821ac6af986a074f357a5b  perl-Getopt-Long-2.58-520.fc43.noarch.rpm  perl-Getopt-Long/2.58/520.fc43
8e7d1ab71cd50632f81299651c3e14a3185790d4cf72ed777b9926195545f391  perl-Getopt-Std-1.14-524.fc43.noarch.rpm  perl/5.42.3/524.fc43
bcaecfd36df81c3d549059d837846260c1411268a95c5388165b1c32e6331f82  perl-Git-2.56.0-1.fc43.noarch.rpm  git/2.56.0/1.fc43
a3cda2b041ada11225e10d866ec007b135dd4460d023aa7f327d21ced86f96ce  perl-HTTP-Tiny-0.096-1.fc43.noarch.rpm  perl-HTTP-Tiny/0.096/1.fc43
36d0c6975b514d6701a8fbd7daeea9b6c7d63e9648fc0f2e761fa00af78c8608  perl-Hash-Util-0.32-524.fc43.x86_64.rpm  perl/5.42.3/524.fc43
47b1cf28b5db2eb9ad26991b2a589c450b7f602c55e1fc6d5be4034e66c32b1a  perl-Hash-Util-FieldHash-1.27-524.fc43.x86_64.rpm  perl/5.42.3/524.fc43
10a6d10c70db1880d6aa173aa74c863fa71c2718ccf683719e2a30acfa254e63  perl-IO-1.55-524.fc43.x86_64.rpm  perl/5.42.3/524.fc43
bfea0670221affc2544f0bb67dea688b2ba8abbc4cffd6471b0ffe68d4381720  perl-IO-Socket-IP-0.43-521.fc43.noarch.rpm  perl-IO-Socket-IP/0.43/521.fc43
c1dfea56d329ec3785d8c1395d35747dfe76091d3d8f5e74c731e30ad982cbb7  perl-IO-Socket-SSL-2.095-2.fc43.noarch.rpm  perl-IO-Socket-SSL/2.095/2.fc43
88f6177aa572026ce35abed4a4641a7d93b65abb20e11ba9626268f12aa9e86e  perl-IPC-Open3-1.24-524.fc43.noarch.rpm  perl/5.42.3/524.fc43
ec2745769beaa0cf8ff62ad0d6daf65dde28306b9688fc8259d5a965f1152bd9  perl-MIME-Base32-1.303-24.fc43.noarch.rpm  perl-MIME-Base32/1.303/24.fc43
9ea83665644af9945ebb62e44a31432e3f8cabb4d1d840832caeb24d39be7de3  perl-MIME-Base64-3.16-520.fc43.x86_64.rpm  perl-MIME-Base64/3.16/520.fc43
ba1d4bfec6d5625a005b47f105873cbce9467a9bdc55246589bb2f8e2f4c2671  perl-Net-SSLeay-1.94-11.fc43.x86_64.rpm  perl-Net-SSLeay/1.94/11.fc43
55035b8f1928f4457f39519771c1e42e942378756bb3229259ab8d8e5d38ac4a  perl-POSIX-2.23-524.fc43.x86_64.rpm  perl/5.42.3/524.fc43
a716f1e6c8f2d29059590c91a13e7843b83bda356acc80dc4cd5a0cf0d8e9273  perl-PathTools-3.94-520.fc43.x86_64.rpm  perl-PathTools/3.94/520.fc43
62351597026d6fff763eb8720a4587b7ac552bf1e8b7556be0069ea89e924e88  perl-Pod-Escapes-1.07-520.fc43.noarch.rpm  perl-Pod-Escapes/1.07/520.fc43
491d9c1bec868ae83b49b817f009540f948bd34324ced0ed3556b7356bbbd9a6  perl-Pod-Perldoc-3.28.01-521.fc43.noarch.rpm  perl-Pod-Perldoc/3.28.01/521.fc43
33d9173214801928594958ab65a50a2b3e7d4bbf2a8ba8b587be967aad690441  perl-Pod-Simple-3.47-3.fc43.noarch.rpm  perl-Pod-Simple/3.47/3.fc43
7b0abe2cf023923e6e717ddb47deeef3612b00e20543797d1c03c1b4df84db47  perl-Pod-Usage-2.05-520.fc43.noarch.rpm  perl-Pod-Usage/2.05/520.fc43
db80bb3d0288f8bb67458ba46b8a9be340588f8fe512b2864efdbc20f95503fd  perl-Scalar-List-Utils-1.70-1.fc43.x86_64.rpm  perl-Scalar-List-Utils/1.70/1.fc43
5a085a500c3bd59c9b9b7c7c6b6f17aeb9023373afd61cc04377772b1b57931b  perl-SelectSaver-1.02-524.fc43.noarch.rpm  perl/5.42.3/524.fc43
791ac0f2a89015d981b09f453595fc7c03bc0c01178402af68f864549f2e5306  perl-Socket-2.043-1.fc43.x86_64.rpm  perl-Socket/2.043/1.fc43
f08a63546a639243ac8a7bd36067cb5418c4771491eda81d4738122d189ccb24  perl-Storable-3.37-521.fc43.x86_64.rpm  perl-Storable/3.37/521.fc43
bf0f003d13b5ee2529a2170aa58ef6f4a3e39af30d4f40071681a737b80c24b7  perl-Symbol-1.09-524.fc43.noarch.rpm  perl/5.42.3/524.fc43
c64db2443f116e0ae36706181105d71a01416ef6d40c33d4356bce1f7acf7265  perl-Term-ANSIColor-5.01-521.fc43.noarch.rpm  perl-Term-ANSIColor/5.01/521.fc43
0824eba9dbd381b3b43a68f446b3658158e0855cafce167ae042263aa48b8cd7  perl-Term-Cap-1.18-520.fc43.noarch.rpm  perl-Term-Cap/1.18/520.fc43
fae275433479c1cb63c390ecf72a8167548a2ec6e64c6db67ece213c15fedb5c  perl-TermReadKey-2.38-26.fc43.x86_64.rpm  perl-TermReadKey/2.38/26.fc43
d51e0b829934ef222aadb1c38d2554831f169d38bbeaeeefba45601a97b20a2c  perl-Test-Harness-3.52-4.fc43.noarch.rpm  perl-Test-Harness/3.52/4.fc43
6ec28e803da09539acb8284ba699711a343cc99571c3b0a570828c8ecdf50c3a  perl-Text-ParseWords-3.31-520.fc43.noarch.rpm  perl-Text-ParseWords/3.31/520.fc43
c7252d531f726bd658ffd2615bf1990691385226e700b165bf11e64150f11ba0  perl-Text-Tabs+Wrap-2024.001-520.fc43.noarch.rpm  perl-Text-Tabs+Wrap/2024.001/520.fc43
46b42f7355ab819e88cde252b45e82e8404a3b03b64e1b93d7b0b1b8f1e465f7  perl-Time-HiRes-1.9778-520.fc43.x86_64.rpm  perl-Time-HiRes/1.9778/520.fc43
8303f238618222780478d5f6252d217935429b3d75befee6679833a22f476f2f  perl-Time-Local-1.350-520.fc43.noarch.rpm  perl-Time-Local/1.350/520.fc43
16742a56380ebb9174fa212a5bf7b0ebdaafdd44ff9a07892ad671d3be1f814b  perl-URI-5.36-1.fc43.noarch.rpm  perl-URI/5.36/1.fc43
b0f4e9bd9dff4ae00eef4ceedd94640961cb5cbc4485dd2ee2eefcaaa2010102  perl-Unicode-Normalize-1.32-520.fc43.x86_64.rpm  perl-Unicode-Normalize/1.32/520.fc43
3b756151084b2fa1897a7c26da09a8d7dd7d823f044d4f5f7bbba51306c8cec3  perl-base-2.27-524.fc43.noarch.rpm  perl/5.42.3/524.fc43
8852b4bf81b0fb52d3439a2ea7914a33bbc67939f48bf09a9d563e8608d4259a  perl-constant-1.33-521.fc43.noarch.rpm  perl-constant/1.33/521.fc43
1fd8523dcf1da5438b7a9294d6f6a05223a7187534778a08b0139dcbf68eab25  perl-devel-5.42.3-524.fc43.x86_64.rpm  perl/5.42.3/524.fc43
1c1127f50989c34b0fd859ec3d2a0c4b79f456f81ac29111c425917fee1107ed  perl-fields-2.27-524.fc43.noarch.rpm  perl/5.42.3/524.fc43
b7b04753422b17a408e5dde7ffb6030dc9c078c0142abd0056216ab350266f1a  perl-generators-1.16-8.fc43.noarch.rpm  perl-generators/1.16/8.fc43
507b4df5c73ed7e16f4c8de44d2930468a172c2eb5993789e914a0603c0d9f6b  perl-if-0.61.000-524.fc43.noarch.rpm  perl/5.42.3/524.fc43
28b933e2138d19d534dc3dcf72449ee0e25d695cd259fa5d8f20a7baf71f6b91  perl-interpreter-5.42.3-524.fc43.x86_64.rpm  perl/5.42.3/524.fc43
5c48ead75d9e4c397023f2c619aaee635101d8b4858d588c2b88524b27a83a91  perl-lib-0.65-524.fc43.x86_64.rpm  perl/5.42.3/524.fc43
ec13ac69ba31f0162412e1bb9a0887803abaae263cf56f9bb4a0ee81007490d6  perl-libnet-3.15-521.fc43.noarch.rpm  perl-libnet/3.15/521.fc43
20a699a3c3702520a805a8c8d57b7e79bb3ee9564b59ca22fcbdeaf249f86da4  perl-libs-5.42.3-524.fc43.x86_64.rpm  perl/5.42.3/524.fc43
88447c76476b9049f250823568c99924c5854b0e36a1cdcab46903ded7fec741  perl-locale-1.13-524.fc43.noarch.rpm  perl/5.42.3/524.fc43
67d5331be9e45ca114473cbd97a16104c81eca820e72316d8a8d0440f247e32e  perl-macros-5.42.3-524.fc43.noarch.rpm  perl/5.42.3/524.fc43
1d7b490e5c4f92f21e39805c519c06d753c6f990944868fb412e48906238996a  perl-mro-1.29-524.fc43.x86_64.rpm  perl/5.42.3/524.fc43
04b665b45320d163d63ce3553adc3613b9a306931b728bbd41176d2ebade75ab  perl-overload-1.40-524.fc43.noarch.rpm  perl/5.42.3/524.fc43
8e625efc7a2a418c19121b0fc5ac5e8047cd2fe15d49ce906c52f8dd3113a7ca  perl-overloading-0.02-524.fc43.noarch.rpm  perl/5.42.3/524.fc43
d800119dea64cba7caec5b85c828e967d965b4e01ea5f323e642077054b2f1f0  perl-parent-0.244-520.fc43.noarch.rpm  perl-parent/0.244/520.fc43
290c23f5ba1b09dbd621c544ffd7563187a3956a76ba4e17d2d092191228d49d  perl-podlators-6.0.2-520.fc43.noarch.rpm  perl-podlators/6.0.2/520.fc43
50818e4fb85339b658f490627cf6ddc3e21016f21cdc18cd59215ea6bc60d291  perl-srpm-macros-1-60.fc43.noarch.rpm  perl-srpm-macros/1/60.fc43
ae646429e7836017d030fdc38cc538337a5f9bc4ae6d2d3b8f415a246143c2c6  perl-vars-1.05-524.fc43.noarch.rpm  perl/5.42.3/524.fc43
a43e73f67cfde1e85fdb557262bf150ae1cebb81fd1e635d15e243d8470b4bfd  perl-version-0.99.33-521.fc43.x86_64.rpm  perl-version/0.99.33/521.fc43
4290e6a31e50519155c1751101baf9474d07204b2baecf0c065f8ba193172ab3  pesign-116-7.fc42.x86_64.rpm  pesign/116/7.fc42
9e313348d39f6e592fe4652426512cdfdcbf7bd35e180743312028ba6e46869d  pkgconf-2.3.0-3.fc43.x86_64.rpm  pkgconf/2.3.0/3.fc43
650e3ca57119ea154ccb0476d8950e3a833ac8fcdc568ac6a0f5732c537d6891  pkgconf-m4-2.3.0-3.fc43.noarch.rpm  pkgconf/2.3.0/3.fc43
4ae294440b9d8e8ae7477ee1ae0ff6e0f7faec4ec307fdef082004795aedae78  pkgconf-pkg-config-2.3.0-3.fc43.x86_64.rpm  pkgconf/2.3.0/3.fc43
57e92774100f55c36eef92973ca103cca689a04595b140e57def1c294bfd16ed  procps-ng-4.0.4-7.fc43.1.x86_64.rpm  procps-ng/4.0.4/7.fc43.1
39e28eb9a51db0eea0c900d3efaddf35d158a1715bf3badc45889ee5322a7756  pyproject-rpm-macros-1.23.2-1.fc43.noarch.rpm  pyproject-rpm-macros/1.23.2/1.fc43
617a48062a4546fa16c6fdbb5064fe53a63bd4e142234d59bffb7c200fe7ba71  pyproject-srpm-macros-1.23.2-1.fc43.noarch.rpm  pyproject-rpm-macros/1.23.2/1.fc43
89412371b52d49564857ebbd913883f0bd423f0d3cb257fa74972adf7067d165  python-pip-wheel-25.1.1-19.fc43.noarch.rpm  python-pip/25.1.1/19.fc43
f982c01ea6f7d6bf91e192f4a329282c1db1590526dbcc0a450f1d5a3ed51748  python-rpm-macros-3.14-5.fc43.noarch.rpm  python-rpm-macros/3.14/5.fc43
6a1ef18d66b17a8c41cd2d348399038c69355ec2d609eca8ec948080c4d77e32  python-srpm-macros-3.14-5.fc43.noarch.rpm  python-rpm-macros/3.14/5.fc43
e4da08e8a7e5cc65e15c9b01c41389fac308cdaac5d767f01fdcffa1b61d1663  python3-3.14.7-1.fc43.x86_64.rpm  python3.14/3.14.7/1.fc43
38e802c5f8015e057e66c9238f4299be3bf4933d1ec7aa47acaeef9e8b4ed0bc  python3-cffi-2.0.0-2.fc43.x86_64.rpm  python-cffi/2.0.0/2.fc43
cf744f90ed6472a00daa657a2810138129748587b0e6ee53fa7424abebfb9e1b  python3-charset-normalizer-3.4.3-3.fc43.noarch.rpm  python-charset-normalizer/3.4.3/3.fc43
d355ddd967145e88057ea10eab63de97db9494949b6e4f4f3da52a94734d80d2  python3-cryptography-46.0.7-1.fc43.x86_64.rpm  python-cryptography/46.0.7/1.fc43
a8a0d7729ccaf360a4b5e8528f92da28fbda2ff534b21b3a2da0c022825c864c  python3-dateutil-2.9.0.post0-6.fc43.noarch.rpm  python-dateutil/2.9.0.post0/6.fc43
b0f96326ef37aafb00823152c10af2507293eab09a67fafde0290b53e029444d  python3-decorator-5.3.0-1.fc43.noarch.rpm  python-decorator/5.3.0/1.fc43
eaf978715d607676a5d111a9138ecebd04d15ded1fbe7e3b1bd0e421715d2a06  python3-defusedxml-0.7.1-22.fc43.noarch.rpm  python-defusedxml/0.7.1/22.fc43
5257891ff2a5f0105c218076f76a9c1964b199646da8df84863b77d7c44beda2  python3-devel-3.14.7-1.fc43.x86_64.rpm  python3.14/3.14.7/1.fc43
5e5583c6b1de0d975723f9075921014a8baac805b68acc794b843db76bf1f712  python3-gssapi-1.7.3-15.fc43.x86_64.rpm  python-gssapi/1.7.3/15.fc43
6cab20ae46fc5996961009e7f7429209a582e779ebefd025a74087faa748d195  python3-idna-3.18-1.fc43.noarch.rpm  python-idna/3.18/1.fc43
c9a6ac86a87f239221d0f248b501a5b6c096b6cf9f5f297a1e622686dd50eaa2  python3-koji-1.36.1-1.fc43.noarch.rpm  koji/1.36.1/1.fc43
592ba12e09cdec59228bcd07ba332fe441afb7a8496b2bb2d73d663886952004  python3-libs-3.14.7-1.fc43.x86_64.rpm  python3.14/3.14.7/1.fc43
5b8490af8ccc720d6fa364459d247e9317a29edf4afe37f51353a242be3655f1  python3-packaging-25.0-7.fc43.noarch.rpm  python-packaging/25.0/7.fc43
5fbc2e4348538ac85611e28486c2dd76d4331faa44cd5fc9b08d570d7341242d  python3-pefile-2024.8.26-6.fc43.noarch.rpm  python-pefile/2024.8.26/6.fc43
d05f4b22f06dd145d192c38983933851f1d956f1342aef9734150c22613a3f1f  python3-ply-3.11-33.fc43.noarch.rpm  python-ply/3.11/33.fc43
7b3ee8a4c0fea3659711a2ed51e92ff4237e845052770b40d53aafee6742e2d7  python3-pycparser-2.22-5.fc43.noarch.rpm  python-pycparser/2.22/5.fc43
eda85e3ccbc32d69cd038e1ad9ac91eaa12cf3db3fed44598a900825b5345d98  python3-pyparsing-3.1.2-14.fc43.noarch.rpm  pyparsing/3.1.2/14.fc43
2a4e391d2cea352a3ca3cfefb886271f13b4d18561c791ac62c69c6227e2b64b  python3-pyyaml-6.0.2-7.fc43.x86_64.rpm  PyYAML/6.0.2/7.fc43
b5f9d36f6d66fcb3a767caf7829564407608817f847b9da88430a94da41a036f  python3-requests-2.33.1-1.fc43.noarch.rpm  python-requests/2.33.1/1.fc43
9cb2b9f5230facb5d3cea37547925f0836ed2d7c52ffc5da52d6fcaa5c3ca902  python3-requests-gssapi-1.4.0-1.fc43.noarch.rpm  python-requests-gssapi/1.4.0/1.fc43
cc19e33ce601bdce06324a5927aa558d519bffa3013bbceb84b4ce88ff5bf9fe  python3-rpm-6.0.2-1.fc43.x86_64.rpm  rpm/6.0.2/1.fc43
79cfa27fd0ad6cce2ff79d3218a9ded96af9febe69753b6753962cfb8a45a29b  python3-rpm-generators-14-13.fc43.noarch.rpm  python-rpm-generators/14/13.fc43
176f98defa2f7585eee44b15e7653559f0b9da3273e83cf898e5f6896f4203e3  python3-rpm-macros-3.14-5.fc43.noarch.rpm  python-rpm-macros/3.14/5.fc43
4a92948752422ce57b1c056e00cea6e15a99db1d84257804e9deb87c437d3134  python3-six-1.17.0-7.fc43.noarch.rpm  python-six/1.17.0/7.fc43
7af4572bc29cff4590daa75bf3b9f8f3b280a38ada2aadb428d1f79faf480500  python3-urllib3-2.8.0-1.fc43.noarch.rpm  python-urllib3/2.8.0/1.fc43
8d8de7bb78f375bb261093adfe9ec86f26ec1d555aad32d1535a744145ee8aa5  python3-zstandard-0.25.0-1.fc43.x86_64.rpm  python-zstandard/0.25.0/1.fc43
739994e3f6cda0cf72467f1e084d8973769d93bb4cea787c7f759172f84d2c8c  qt5-srpm-macros-5.15.18-1.fc43.noarch.rpm  qt5/5.15.18/1.fc43
c49115a0e165489152a1767952cc52b4791554eda9a48dd7cd28a0755fbdf063  qt6-srpm-macros-6.10.3-1.fc43.noarch.rpm  qt6/6.10.3/1.fc43
a94f56de326ad63185e29224fe673bf26650b7492d38c35e064b9dbf0dbd3342  redhat-rpm-config-343-14.fc43.noarch.rpm  redhat-rpm-config/343/14.fc43
5466ace6b28771075a17ed59d63530ae79ba938fed8460fc7d8119442b2ee0ad  rpm-build-6.0.2-1.fc43.x86_64.rpm  rpm/6.0.2/1.fc43
b5c0ccc700201983effd5097bb3c5c578a414e323581b3b1ecf5eb62551b2063  rust-1.98.1-1.fc43.x86_64.rpm  rust/1.98.1/1.fc43
f6bd5baa3d3af3ec2dd9c7745d4267e8cd252f5ddc377f33cc1fd7f8c41c8a08  rust-src-1.98.1-1.fc43.noarch.rpm  rust/1.98.1/1.fc43
6fb048307fe3b19e83d7604ce11929ce1a515eff6ff89720f76ca618154803a0  rust-srpm-macros-28.5-1.fc43.noarch.rpm  cargo-rpm-macros/28.5/1.fc43
89e9abe719f6db6b3143215c3bf0cd43d5c6d01268a45cad1b58930ad02a7ba8  rust-std-static-1.98.1-1.fc43.x86_64.rpm  rust/1.98.1/1.fc43
e365f6b33df1a18d58e133d820d4b99862a07aaafd303e963eac299e4f606402  rustfmt-1.98.1-1.fc43.x86_64.rpm  rust/1.98.1/1.fc43
a836e2330ede12ad5e100e909abe2a6787f193b1c878a53c60e10386a07e4e54  systemd-258.11-1.fc43.x86_64.rpm  systemd/258.11/1.fc43
a7eec26c13d8c22bab036d2245cf350a9262d55a3af99db68e73486ab497564d  systemd-boot-unsigned-258.11-1.fc43.x86_64.rpm  systemd/258.11/1.fc43
30040c03902e4124ec3d5b6fa285c94d5bb1d9ab08704c388d6247b7a3c4125e  systemd-pam-258.11-1.fc43.x86_64.rpm  systemd/258.11/1.fc43
98fd76991d6aff634f3eb018a1f381cb18728dfbaaef54e4cfdaf95744363e1c  systemd-rpm-macros-258.11-1.fc43.noarch.rpm  systemd/258.11/1.fc43
6554ce59d5a194015ec848d5862fff76db3342b8460b52cd3992ef1df378a0d1  systemd-shared-258.11-1.fc43.x86_64.rpm  systemd/258.11/1.fc43
62614cbd37fff0f233b3d5e3d5d6c93da87973f50515bcc243dd3a2ce6d2356c  systemd-udev-258.11-1.fc43.x86_64.rpm  systemd/258.11/1.fc43
dc721d5069c5ed4702912a4762848f89301847baa23941eaca5f2667a19a2ab3  systemd-ukify-258.11-1.fc43.noarch.rpm  systemd/258.11/1.fc43
3b5aac02ed0099e93c138334c95ffd691a363577c9fb28cf95ee3d4c2ed17306  systemtap-sdt-devel-5.6-1.fc43.x86_64.rpm  systemtap/5.6/1.fc43
f84205deacc49ea7e7a93e04a65cb0cb57b3a0f78f0e2fa2d49d763b5ff0bbff  systemtap-sdt-dtrace-5.6-1.fc43.x86_64.rpm  systemtap/5.6/1.fc43
e806f453847b0edccf98079838b4fb50c7aa564f5c51a155608badd52e955440  tpm2-tools-5.7-4.fc43.x86_64.rpm  tpm2-tools/5.7/4.fc43
6de3c6620441214a4ec4eca468c6b9478303ae472771dc6f3aa596423a357233  tpm2-tss-fapi-4.1.3-8.fc43.x86_64.rpm  tpm2-tss/4.1.3/8.fc43
998a91710e2c90f9becaea0bf8ced18cc6572da84418600d1ec086e6b8537b85  tree-sitter-srpm-macros-0.4.2-1.fc43.noarch.rpm  tree-sitter-srpm-macros/0.4.2/1.fc43
7c3857ecaf6f92066742d2a6f8c658b9207088b8cab51666ce1de5e5d2db8698  unzip-6.0-67.fc43.x86_64.rpm  unzip/6.0/67.fc43
9c7c462110db5da20fe1a911a4e6a3ae2d15432d72978ef3f1ae72b1e15ebb84  userspace-rcu-0.15.3-2.fc43.x86_64.rpm  userspace-rcu/0.15.3/2.fc43
9b4ee82bc5c3f48dc22a162989f8c648fd843644db81a315bcffa1313a8970a6  util-linux-2.41.5-1.fc43.x86_64.rpm  util-linux/2.41.5/1.fc43
92a02e7ea442eef42ad4b18d5f4612c3015e9c3dc4893852c6fa8f50f6ddcbd4  which-2.23-3.fc43.x86_64.rpm  which/2.23/3.fc43
6b33a2bd2a481b7e4c9fd2f0515b4b8264d5370d5680df583f176b9a790a20b0  xfsprogs-6.15.0-3.fc43.x86_64.rpm  xfsprogs/6.15.0/3.fc43
a713debf1901e6ae832e4e77632b7d75cd4bb41d34a56c6289945101d8a0ec13  xxhash-libs-0.8.4-1.fc43.x86_64.rpm  xxhash/0.8.4/1.fc43
ce865cb5278d99043c3844bee3fbe2774f4bd008a7ec480b6b2e2ec1b56def94  xz-devel-5.8.1-4.fc43.x86_64.rpm  xz/5.8.1/4.fc43
04baf5cb0c5f15d7c046d12a260dd0511b5f76cce5c77b60e3c79c60c589a963  zig-srpm-macros-1-5.fc43.noarch.rpm  zig-srpm-macros/1/5.fc43
56c7cb63667e3edcce3412bbfaf34bd0e8a956913543163a6d21e201450936f3  zip-3.0-44.fc43.x86_64.rpm  zip/3.0/44.fc43
f637f5c3c930923bc8cc55f836fee606a3d064060f73ded47a4a4a8bec725434  zlib-ng-compat-devel-2.3.3-2.fc43.x86_64.rpm  zlib-ng/2.3.3/2.fc43
