# base: registry.fedoraproject.org/fedora:43@sha256:005ce311c13eaa639de9d9c52e470f10652c7371561697fb8c1c6e852e23c481
# inputs: 69da79e369b6dd48e836abc50001febe95a2a1080309100a80309262506bcad0
# key: c6e7f081cf80e13146676e88829b606631645531
2969b12d59c8956487814f76d620d7f2c94b981cf6005d871b809e6218a88f75  binutils-2.45.1-5.fc43.x86_64.rpm  binutils/2.45.1/5.fc43
dda7e77b4003f5dd9bf1d68497aa4db35c9052b6aa4fc47e7c0ad908c6e0dd4f  cpp-15.3.1-1.fc43.x86_64.rpm  gcc/15.3.1/1.fc43
6c0448ab58176c5041572d4958f24cdb46c1c0ee7007b2f24a577286a9647973  elfutils-debuginfod-client-0.196-1.fc43.x86_64.rpm  elfutils/0.196/1.fc43
da3cf12f62c4037e89b5fb76d185a002aa68aa2b6431e8d4d700ea86d7fa2103  gcc-15.3.1-1.fc43.x86_64.rpm  gcc/15.3.1/1.fc43
1f6e97cc834f6d693633acb58ad0f231f584150cc08c84eedae9a9a7327d350e  glibc-devel-2.42-17.fc43.x86_64.rpm  glibc/2.42/17.fc43
921b0dae9b5d23da9abb7caa726b507a61b639eaa048e94f80cca3747f2ca459  jansson-2.14-3.fc43.x86_64.rpm  jansson/2.14/3.fc43
500eefd759fcccdcda764cdae3eaac95ec9f5fcd81118c49b74a1098edd05345  kernel-headers-7.2.4-100.fc43.x86_64.rpm  kernel-headers/7.2.4/100.fc43
0e939f8c2f76c15fdf67bd734ea7d17cff8cb413964593021cedf2cf893cc650  libmpc-1.3.1-8.fc43.x86_64.rpm  libmpc/1.3.1/8.fc43
cfcd48adc62fab0575792b9b3e974dbe04f1896d9584e016d8730ee7d4816365  libpkgconf-2.3.0-3.fc43.x86_64.rpm  pkgconf/2.3.0/3.fc43
000fa7b8513510f2c858526d2921fa59006fb75c0b6c3c1c002ba8cbbc44d2ca  libxcrypt-devel-4.5.2-1.fc43.x86_64.rpm  libxcrypt/4.5.2/1.fc43
8d62ba58e275f36aac56364993768583a4b7ecaa0719ecb804d46a0df2c91bba  make-4.4.1-11.fc43.x86_64.rpm  make/4.4.1/11.fc43
9e313348d39f6e592fe4652426512cdfdcbf7bd35e180743312028ba6e46869d  pkgconf-2.3.0-3.fc43.x86_64.rpm  pkgconf/2.3.0/3.fc43
650e3ca57119ea154ccb0476d8950e3a833ac8fcdc568ac6a0f5732c537d6891  pkgconf-m4-2.3.0-3.fc43.noarch.rpm  pkgconf/2.3.0/3.fc43
4ae294440b9d8e8ae7477ee1ae0ff6e0f7faec4ec307fdef082004795aedae78  pkgconf-pkg-config-2.3.0-3.fc43.x86_64.rpm  pkgconf/2.3.0/3.fc43
