# base: registry.fedoraproject.org/fedora:43@sha256:005ce311c13eaa639de9d9c52e470f10652c7371561697fb8c1c6e852e23c481
# inputs: e9a6adf2aeefc3d2bcd8decfe1fbd83c1d0cdaeb8aff31bcc4d22c40c7a6acdd
# key: c6e7f081cf80e13146676e88829b606631645531
83540ce104993d1e1a33967ae407ce46821c82395a1a90d61bfeb7ea32b55873  bc-1.08.2-2.fc43.x86_64.rpm  bc/1.08.2/2.fc43
0819bb2836fa24e84bfdb5085ab6eae99aa23e6bb27231653a7b3d52789c99c9  bpftool-7.6.0-1.fc43.x86_64.rpm  bpftool/7.6.0/1.fc43
10ac3d9abff11797f79fedd981fea882c2e2242fce6bad74d2b47f9e5efb1e1f  busybox-1.37.0-3.fc43.x86_64.rpm  busybox/1.37.0/3.fc43
f7220e9f53ae80a065fd024fd1ec4f0f3f8766a4cc33587ef56f83d617356507  capstone-5.0.5-7.fc43.x86_64.rpm  capstone/5.0.5/7.fc43
57fccf70dd9d4d15e3e3c292e93043b389ea85d0daeae77ee21aa70825b0dead  cpio-2.15-6.fc43.x86_64.rpm  cpio/2.15/6.fc43
68867dd0c3d268d2c015d30d920ef1fe27169ed73a536f89565913f776c9a79e  cryptsetup-libs-2.8.7-1.fc43.x86_64.rpm  cryptsetup/2.8.7/1.fc43
41c16c44d8a8a573f9a3ffcba71f17ba6b3733be7c13ea80da74428783c62fa7  daxctl-libs-85-1.fc43.x86_64.rpm  ndctl/85/1.fc43
ab01ecf74dffed104a83dc1adc2a39fdccdee3efe1b9c42bd11bbe5d460546ae  dbus-1.16.2-1.fc43.x86_64.rpm  dbus/1.16.2/1.fc43
973dbced6f9ded6820eaa6f5c38a4ab678c930f5530807d02cc5cf3d56f2df3e  dbus-broker-37-2.fc43.x86_64.rpm  dbus-broker/37/2.fc43
2b2a1ec2d308f6462ca4762f696edb117f05790dacb5d74ad016fd0c07039ce6  dbus-common-1.16.2-1.fc43.noarch.rpm  dbus/1.16.2/1.fc43
63cfa380b6b48cef6e7bb82ead8099e6352dc06f5b0c3470725d2899f6f9502a  device-mapper-1.02.208-2.fc43.x86_64.rpm  lvm2/2.03.34/2.fc43
59ca5c21b89f63b075b310cabe7151f218581b27fbdc6295d287d39291d1da1b  device-mapper-libs-1.02.208-2.fc43.x86_64.rpm  lvm2/2.03.34/2.fc43
243e86b0043df69b31eb0e5f6e0c0b08bcf208286b6224c570a1780866620b98  dracut-107-8.fc43.x86_64.rpm  dracut/107/8.fc43
83cd25ef03083fc33cd665ecfbfceda98e3eac2bb9777b4cf896ef538e788477  e2fsprogs-1.47.3-2.fc43.x86_64.rpm  e2fsprogs/1.47.3/2.fc43
5e0d2f95049fdb27dde5220d9236d773e876be8dafce7fbe11e4bce7a6146bf1  e2fsprogs-libs-1.47.3-2.fc43.x86_64.rpm  e2fsprogs/1.47.3/2.fc43
4d39a252b576dd2689ad56ab448bb3cdc288fa62208c28f1280a8258f089f5f1  edk2-ovmf-20260812-4.fc43.noarch.rpm  edk2/20260812/4.fc43
d572b53b4f7038b7ca636485e7f47c63267392d22127519c5a268bf3b7196e29  efi-filesystem-6-4.fc43.noarch.rpm  efi-rpm-macros/6/4.fc43
aa2928e6b0a66e28cb16e6c67e50876f1ed6d2420e9f6b4ea2cd552beb099f2e  efivar-libs-39-10.fc43.x86_64.rpm  efivar/39/10.fc43
04e597976539414f5553e10f633eee56f496080508cab0c93b3f3c1ff2320a1c  expat-2.8.3-1.fc43.x86_64.rpm  expat/2.8.3/1.fc43
a23eb11f5d367bb538f1a2cfb723eabc8434b0a6ec6a1c4353a7f4e9ed9b0a6d  file-5.46-9.fc43.x86_64.rpm  file/5.46/9.fc43
07bac947d0060f359e42f80b458fa099a1ae6fcb0b315f45fb2fcfef6253bc5e  fio-3.40-2.fc43.x86_64.rpm  fio/3.40/2.fc43
669eff5763db0e9016634414ef7f4fb82e687c5fbef5bc3d375355d3af7a9b39  fuse3-libs-3.16.2-6.fc43.x86_64.rpm  fuse3/3.16.2/6.fc43
5bef9e4d207eb0c42c98af6a93f1a9e430137876bcd16af0a0a6f459cdf5c1b0  gettext-envsubst-0.25.1-2.fc43.x86_64.rpm  gettext/0.25.1/2.fc43
a1dabb738fef8022549e594d2876d41921369ab920057da468e0565603ebeaf6  gettext-libs-0.25.1-2.fc43.x86_64.rpm  gettext/0.25.1/2.fc43
9f3f3c1098c2e76c2ea88843a6abef9c25ed72f6d6c8bc65772df15b71f82280  gettext-runtime-0.25.1-2.fc43.x86_64.rpm  gettext/0.25.1/2.fc43
e73358f0803cba68264c7b4a271f9b256f0987b2241e637edca9b822a6a74dd2  grub2-common-2.12-43.fc43.noarch.rpm  grub2/2.12/43.fc43
f98fedadcc5de88929c7601c23bd36aa1595169ee2a07e3ef25c5f62eb009315  grub2-efi-x64-2.12-43.fc43.x86_64.rpm  grub2/2.12/43.fc43
4ed75a7c8a0cad0c508e61dc5a92af8a87392d26f8346256741beeb8e45d5b1a  grub2-tools-2.12-43.fc43.x86_64.rpm  grub2/2.12/43.fc43
e88c88546c33e169746af2037948a14c74748868255f565b0dbbf65453b348da  grub2-tools-minimal-2.12-43.fc43.x86_64.rpm  grub2/2.12/43.fc43
226d35f3c3044ca076d377cddc7a76d7c164b79e2996531128ec40b9b03b5c73  igvm-libs-0.4.0-10.fc43.x86_64.rpm  igvm/0.4.0/10.fc43
6b3cbf4a6f771b027b0dd2c7a36a20dc357836349cba816b43fc4180104a9444  ipxe-roms-qemu-20240119-4.gitde8a0821.fc43.noarch.rpm  ipxe/20240119/4.gitde8a0821.fc43
c939b9f84cf5fbab95de608c65ad6211d2d661240a75f0858318a3fbde6bdc14  kbd-2.8.0-4.fc43.x86_64.rpm  kbd/2.8.0/4.fc43
fa8a2c211910a6d40dc9cf9a9c8838f80d4393c57639b78338b2fca75d78ae62  kbd-legacy-2.8.0-4.fc43.noarch.rpm  kbd/2.8.0/4.fc43
ed29e9586a6e07d1ed59f313807a34a55519f4050c0474b295451ac4800041d5  kbd-misc-2.8.0-4.fc43.noarch.rpm  kbd/2.8.0/4.fc43
1c02969cd9cee50be3cc473de6b9aa3f80e8adf943c3e0d6cfe816b847dd11fd  keyutils-1.6.3-6.fc43.x86_64.rpm  keyutils/1.6.3/6.fc43
2ff7b5c219533d90ca689694385c74de48a1ed3cfbe2884aad19cccb13e7788e  kmod-34.2-2.fc43.x86_64.rpm  kmod/34.2/2.fc43
f8bc854c7486f2a0744009d44180c3c237cec1f75b88a5cc13b1da959968e3f2  kmod-libs-34.2-2.fc43.x86_64.rpm  kmod/34.2/2.fc43
ffd9eccb37845174555fd497cbd4d0d765dd0fed8a6313dadd515a02c3bb0ff9  libaio-0.3.111-22.fc43.x86_64.rpm  libaio/0.3.111/22.fc43
04291f774442434ffa9bef18108d6d50b8b5c253ca2cd1606bd9e071797a598d  libbpf-1.6.1-4.fc43.x86_64.rpm  libbpf/1.6.1/4.fc43
0cdabd5c8220186eb77a1768b87418112d34794277fb24453a8432f2fb5bfaf7  libcbor-0.12.0-6.fc43.x86_64.rpm  libcbor/0.12.0/6.fc43
f194ddf604b629de9cec615f0fe01782e248b3b96406a0bf0808c860b829b657  libedit-3.1-58.20260512cvs.fc43.x86_64.rpm  libedit/3.1/58.20260512cvs.fc43
e683f03e2c864e5d4b455a36920df599b1c0a6625ad98e31245750ee21654829  libfdisk-2.41.5-1.fc43.x86_64.rpm  util-linux/2.41.5/1.fc43
1cf09b88227e622a518312d76355344eed3008f5303f94704cd23925cfeda9cd  libfdt-1.7.2-7.fc43.x86_64.rpm  dtc/1.7.2/7.fc43
5eb738be0496b00aa43cb1b42d5e834c404c25ccb983e99e9ca61a2c22697908  libibverbs-58.0-4.fc43.x86_64.rpm  rdma-core/58.0/4.fc43
b56e24bc54183d61bc5b64a2d2d4136c63e574d794bf5573e0882249a1f16ca5  libjpeg-turbo-3.1.3-1.fc43.x86_64.rpm  libjpeg-turbo/3.1.3/1.fc43
4203a8e5efdfc681a66690b0b852cb0815be89ed98823476379705d39d71a071  libkcapi-1.5.0-6.fc43.x86_64.rpm  libkcapi/1.5.0/6.fc43
0dd2ba05ed30734fbf0af73d957f951885c1b6d01e9ccd7d33de568652dc9308  libkcapi-hasher-1.5.0-6.fc43.x86_64.rpm  libkcapi/1.5.0/6.fc43
f5e89ff1e464ccc063fd6851c28e4fdb3f502197d030fd390daed736e34fe103  libkcapi-hmaccalc-1.5.0-6.fc43.x86_64.rpm  libkcapi/1.5.0/6.fc43
206f1f6f66fad934c7fb3bbdac4c07e0b6f467e33d609e3a4c37ca615c9ffb83  liblastlog2-2.41.5-1.fc43.x86_64.rpm  util-linux/2.41.5/1.fc43
a25e90aaab448ac6b783fbc0aa986e612cc03e23d5fe9c305c3cd08d334c202d  libnl3-3.12.0-2.fc43.x86_64.rpm  libnl3/3.12.0/2.fc43
cfcd48adc62fab0575792b9b3e974dbe04f1896d9584e016d8730ee7d4816365  libpkgconf-2.3.0-3.fc43.x86_64.rpm  pkgconf/2.3.0/3.fc43
5dfb41470dcd2f72b9359c498e8af7cb0af4e9099abb9987d294ab5892f6e778  libpmem-2.1.0-4.fc43.x86_64.rpm  nvml/2.1.0/4.fc43
043d4bee72435bcca077c0fee7ac5974b31bc11ab10ef92ffe8bef713381dd77  libpng-1.6.58-1.fc43.x86_64.rpm  libpng/1.6.58/1.fc43
a7d3fc484e0659df69a8ae7ac034bccd1f844e46c6f83f9da1b14018b1382210  librdmacm-58.0-4.fc43.x86_64.rpm  rdma-core/58.0/4.fc43
a53a8b3c7eef71adafae6b691075f197fd80641cc87aaef5ad092f1505f6963b  libseccomp-2.6.1-2.fc43.x86_64.rpm  libseccomp/2.6.1/2.fc43
c1ba393fe4d7ae0c939b1aee3d2087f6299e2345a38e3e15418f9b518523a02c  libslirp-4.9.1-2.fc43.x86_64.rpm  libslirp/4.9.1/2.fc43
4e4af2f23705882c551ecc2dd1288c8d517203cc7c86526c6c1fc7442c4786c9  libss-1.47.3-2.fc43.x86_64.rpm  e2fsprogs/1.47.3/2.fc43
b5018d6526894149b48aa061114f1140e05cb2d5f1b2b24d5618e78b921e1de2  libtextstyle-0.25.1-2.fc43.x86_64.rpm  gettext/0.25.1/2.fc43
f3200cb051e5aacfa2215946a75e4c637cbdc2c0f4f0e21059ca1f86249c1865  liburing-2.9-2.fc43.x86_64.rpm  liburing/2.9/2.fc43
218a20dc6c477d795293108c222ef75a859bab39816ad5fe5b09be5b0927b022  libxdp-1.5.8-1.fc43.x86_64.rpm  xdp-tools/1.5.8/1.fc43
1524f0b8a6006a0c9786561f56e85de779842071e8fef7510aa9363121ad408b  lksctp-tools-1.0.21-1.fc43.x86_64.rpm  lksctp-tools/1.0.21/1.fc43
277ec63a66ea62f7593f7dafdf13d1910b4525ce2cadeba6739f464820259c51  llvm20-filesystem-20.1.8-2.fc43.x86_64.rpm  llvm20/20.1.8/2.fc43
1751ae3f9dcbbfe2238ba934111085a9f05f11b94ae11ca1ee37b91638439f43  llvm20-libs-20.1.8-2.fc43.x86_64.rpm  llvm20/20.1.8/2.fc43
f894657345bb319c13bd99133ecd1d340bef4257a47ced15a5d20a85e98c3ffd  lzo-2.10-15.fc43.x86_64.rpm  lzo/2.10/15.fc43
f6299783f4af8dbf89583fb7364781f72bae91e612263d389330963812c4c363  mokutil-0.7.2-2.fc43.x86_64.rpm  mokutil/0.7.2/2.fc43
2e0113c2e1c6edacdd9b548419036cfb1bdb0df6bfca7cd6717c00c80f365ca9  mpdecimal-4.0.1-2.fc43.x86_64.rpm  mpdecimal/4.0.1/2.fc43
5e36a18b83ccd81a639f4b76b3ba9ad77051f939d51b6bbf795e076519c1b930  ndctl-libs-85-1.fc43.x86_64.rpm  ndctl/85/1.fc43
da6efc3ee3e807dcf6e8a0dff79ef1c3fd6ee4aa792562f543a5713e8d18c449  netperf-2.7.0-13.20210803git3bc455b.fc43.x86_64.rpm  netperf/2.7.0/13.20210803git3bc455b.fc43
14317f406dc68aa1b9acc7fcbf1064211d7f9ba80a29909997bc0607bbefe2fc  numactl-libs-2.0.19-3.fc43.x86_64.rpm  numactl/2.0.19/3.fc43
134c516189f239b33a857b7b1bc510737ce8cc1db7142b9bcc347bb7a35bbc4e  openssl-3.5.8-1.fc43.x86_64.rpm  openssl/3.5.8/1.fc43
78b263e586d52e60573a246da083366be6be258dcfff31e353a5820e5326a021  os-prober-1.81-10.fc43.x86_64.rpm  os-prober/1.81/10.fc43
b4d44642eeac3fb6dad21c367c63c5f88a41c76f2446bf7cce6a5f3b8c95a89e  pixman-0.46.2-2.fc43.x86_64.rpm  pixman/0.46.2/2.fc43
9e313348d39f6e592fe4652426512cdfdcbf7bd35e180743312028ba6e46869d  pkgconf-2.3.0-3.fc43.x86_64.rpm  pkgconf/2.3.0/3.fc43
650e3ca57119ea154ccb0476d8950e3a833ac8fcdc568ac6a0f5732c537d6891  pkgconf-m4-2.3.0-3.fc43.noarch.rpm  pkgconf/2.3.0/3.fc43
4ae294440b9d8e8ae7477ee1ae0ff6e0f7faec4ec307fdef082004795aedae78  pkgconf-pkg-config-2.3.0-3.fc43.x86_64.rpm  pkgconf/2.3.0/3.fc43
57e92774100f55c36eef92973ca103cca689a04595b140e57def1c294bfd16ed  procps-ng-4.0.4-7.fc43.1.x86_64.rpm  procps-ng/4.0.4/7.fc43.1
89412371b52d49564857ebbd913883f0bd423f0d3cb257fa74972adf7067d165  python-pip-wheel-25.1.1-19.fc43.noarch.rpm  python-pip/25.1.1/19.fc43
e4da08e8a7e5cc65e15c9b01c41389fac308cdaac5d767f01fdcffa1b61d1663  python3-3.14.7-1.fc43.x86_64.rpm  python3.14/3.14.7/1.fc43
38e802c5f8015e057e66c9238f4299be3bf4933d1ec7aa47acaeef9e8b4ed0bc  python3-cffi-2.0.0-2.fc43.x86_64.rpm  python-cffi/2.0.0/2.fc43
cf744f90ed6472a00daa657a2810138129748587b0e6ee53fa7424abebfb9e1b  python3-charset-normalizer-3.4.3-3.fc43.noarch.rpm  python-charset-normalizer/3.4.3/3.fc43
583302232daf4296ba0a369bf138a7fd3cb4272e97f525ebd5236caf75de1e40  python3-crypt-r-3.13.1-8.fc43.x86_64.rpm  python-crypt-r/3.13.1/8.fc43
d355ddd967145e88057ea10eab63de97db9494949b6e4f4f3da52a94734d80d2  python3-cryptography-46.0.7-1.fc43.x86_64.rpm  python-cryptography/46.0.7/1.fc43
6cab20ae46fc5996961009e7f7429209a582e779ebefd025a74087faa748d195  python3-idna-3.18-1.fc43.noarch.rpm  python-idna/3.18/1.fc43
592ba12e09cdec59228bcd07ba332fe441afb7a8496b2bb2d73d663886952004  python3-libs-3.14.7-1.fc43.x86_64.rpm  python3.14/3.14.7/1.fc43
5fbc2e4348538ac85611e28486c2dd76d4331faa44cd5fc9b08d570d7341242d  python3-pefile-2024.8.26-6.fc43.noarch.rpm  python-pefile/2024.8.26/6.fc43
d05f4b22f06dd145d192c38983933851f1d956f1342aef9734150c22613a3f1f  python3-ply-3.11-33.fc43.noarch.rpm  python-ply/3.11/33.fc43
7b3ee8a4c0fea3659711a2ed51e92ff4237e845052770b40d53aafee6742e2d7  python3-pycparser-2.22-5.fc43.noarch.rpm  python-pycparser/2.22/5.fc43
2a4e391d2cea352a3ca3cfefb886271f13b4d18561c791ac62c69c6227e2b64b  python3-pyyaml-6.0.2-7.fc43.x86_64.rpm  PyYAML/6.0.2/7.fc43
b5f9d36f6d66fcb3a767caf7829564407608817f847b9da88430a94da41a036f  python3-requests-2.33.1-1.fc43.noarch.rpm  python-requests/2.33.1/1.fc43
7af4572bc29cff4590daa75bf3b9f8f3b280a38ada2aadb428d1f79faf480500  python3-urllib3-2.8.0-1.fc43.noarch.rpm  python-urllib3/2.8.0/1.fc43
0fad089f9b5c0b911a8a8c332f3d9c9c477df24a2daea0d800654bd34a034ad4  python3-virt-firmware-26.9-1.fc43.noarch.rpm  python-virt-firmware/26.9/1.fc43
8d8de7bb78f375bb261093adfe9ec86f26ec1d555aad32d1535a744145ee8aa5  python3-zstandard-0.25.0-1.fc43.x86_64.rpm  python-zstandard/0.25.0/1.fc43
3d276293732b3da1f88569b5ac93cb4dc5214eafd399ded86ad9fa21396ab4bd  qatlib-25.08.0-4.fc43.x86_64.rpm  qatlib/25.08.0/4.fc43
1eac08f05fb23499ecfb81f0f7cf70c53df072165d8efa19c90d70e88cfb0782  qatzip-libs-2.0.0-1.fc43.x86_64.rpm  qatzip/2.0.0/1.fc43
5c932210a1b3b78c5b56b248403a3caec27d5681dd11e078fe63d460f335e61a  qemu-common-10.1.5-1.fc43.x86_64.rpm  qemu/10.1.5/1.fc43
a77591679d2567b6f9ac963bd8865cc749e2918b572d53aa088a007d54dd7764  qemu-system-x86-core-10.1.5-1.fc43.x86_64.rpm  qemu/10.1.5/1.fc43
fdd813e58f45ff27d8f655fa358ec9f2c4aeb410ed73af3da9ed2d19ef1a1f67  realtime-tests-2.11-1.fc43.x86_64.rpm  realtime-tests/2.11/1.fc43
85e85b1745d938c25424278f70c26fd1b1942ceb71068ce714a094d987f88dc1  sbsigntools-0.9.5-13.fc43.x86_64.rpm  sbsigntools/0.9.5/13.fc43
7149a6bbcd204511f8906b65c4b9679c709e49e11e09fd430c97b5c53a5bcc39  seabios-bin-1.17.0-9.fc43.noarch.rpm  seabios/1.17.0/9.fc43
cc2375c376db2debb45f649096cd886d05034831adfcbf0e01fa5e3f6cfe134d  seavgabios-bin-1.17.0-9.fc43.noarch.rpm  seabios/1.17.0/9.fc43
b6602bf8420e56de84653c476bf25f6e26dd28a9ed3487d38cf0900ae008750a  shim-x64-15.8-3.x86_64.rpm  shim/15.8/3
291dec3bb0b9e15e967fedf0549a0f225be0b9e46e840d9b73f78fc3a0ed49a4  snappy-1.2.2-2.fc43.x86_64.rpm  snappy/1.2.2/2.fc43
a836e2330ede12ad5e100e909abe2a6787f193b1c878a53c60e10386a07e4e54  systemd-258.11-1.fc43.x86_64.rpm  systemd/258.11/1.fc43
a7eec26c13d8c22bab036d2245cf350a9262d55a3af99db68e73486ab497564d  systemd-boot-unsigned-258.11-1.fc43.x86_64.rpm  systemd/258.11/1.fc43
30040c03902e4124ec3d5b6fa285c94d5bb1d9ab08704c388d6247b7a3c4125e  systemd-pam-258.11-1.fc43.x86_64.rpm  systemd/258.11/1.fc43
6554ce59d5a194015ec848d5862fff76db3342b8460b52cd3992ef1df378a0d1  systemd-shared-258.11-1.fc43.x86_64.rpm  systemd/258.11/1.fc43
62614cbd37fff0f233b3d5e3d5d6c93da87973f50515bcc243dd3a2ce6d2356c  systemd-udev-258.11-1.fc43.x86_64.rpm  systemd/258.11/1.fc43
dc721d5069c5ed4702912a4762848f89301847baa23941eaca5f2667a19a2ab3  systemd-ukify-258.11-1.fc43.noarch.rpm  systemd/258.11/1.fc43
9b4ee82bc5c3f48dc22a162989f8c648fd843644db81a315bcffa1313a8970a6  util-linux-2.41.5-1.fc43.x86_64.rpm  util-linux/2.41.5/1.fc43
475abd4cd6fd51691464fc2482273072e3b79e1a68e55f8f570db57c1858feae  virt-sb-certs-26.9-1.fc43.noarch.rpm  python-virt-firmware/26.9/1.fc43
1470c44c52e4c7687f2ba08abdd34566eefab6ae75cdbafc42e70c1338bb0ae5  xen-libs-4.20.4-2.fc43.x86_64.rpm  xen/4.20.4/2.fc43
f2542088a50dbf09570382e18519ec7ac0aac83c6a3641f87ef2f88822b7c263  xen-licenses-4.20.4-2.fc43.x86_64.rpm  xen/4.20.4/2.fc43
f7c3c843e1642e36cd83091a5c66c3ed105d37b84b901008543c1ae31d114a32  yajl-2.1.0-38.fc43.x86_64.rpm  yajl/2.1.0/38.fc43
