# branch open
# version 615.71.09
# repository https://negativo17.org/repos/nvidia/fedora-43/x86_64/
ffd3fa2a76e5ec7d4dd39a0fa7d6d88b49d35866b7fc7de12c11b8ddfda7d38b  https://negativo17.org/repos/nvidia/fedora-43/x86_64/nvidia-driver-615.71.09-4.fc43.x86_64.rpm
b5b265fb8a38397c27cfcd80b74273594bb90843beed5161800a018aa857f6ef  https://negativo17.org/repos/nvidia/fedora-43/x86_64/nvidia-driver-common-615.71.09-4.fc43.x86_64.rpm
b60e260801713f275dca16f102d417ed378780929a8ff013be36b0d76121d621  https://negativo17.org/repos/nvidia/fedora-43/x86_64/nvidia-driver-cuda-615.71.09-4.fc43.x86_64.rpm
bbfbafe0a9f1b47216f7e0822542399c453192ad278af5dab0c9be23b347793f  https://negativo17.org/repos/nvidia/fedora-43/x86_64/nvidia-driver-cuda-libs-615.71.09-4.fc43.x86_64.rpm
0ad4c9009395e797376da8e70bda9b41479cec27f3b3937e7f6e7b87ad59285f  https://negativo17.org/repos/nvidia/fedora-43/x86_64/nvidia-driver-libs-615.71.09-4.fc43.x86_64.rpm
588e5f2de3437d9f635ab645b6d3fb30c4e5c15f5e70d314d4e80c6a72329b94  https://negativo17.org/repos/nvidia/fedora-43/x86_64/nvidia-driver-selinux-0.1-3.fc43.noarch.rpm
2c2749086657a7bb32558b728d330edfaff694c8b0264411e2545fc4f0762de0  https://negativo17.org/repos/nvidia/fedora-43/x86_64/nvidia-kmod-common-615.71.09-2.fc43.noarch.rpm
cb34b49119aefe8279f83843e098a45bca4caa9ec00b645cf25e20e1ba56a556  https://negativo17.org/repos/nvidia/fedora-43/x86_64/nvidia-modprobe-615.71.09-1.fc43.x86_64.rpm
709f40857927a7f68025975a4a40b19c739dbd2f675982f649c14bc13e777b9b  https://negativo17.org/repos/nvidia/fedora-43/x86_64/nvidia-persistenced-615.71.09-3.fc43.x86_64.rpm
