# base: registry.fedoraproject.org/fedora:43@sha256:15ecc6538eaf7d8a074e08880ce8769a0e2f43f70862a68c01f5fd2738f9a6f6
# inputs: e71ac12655c097529187b91532c52a2e9feeab2c2b7d774737e29f3a6963735f
# key: c6e7f081cf80e13146676e88829b606631645531
2969b12d59c8956487814f76d620d7f2c94b981cf6005d871b809e6218a88f75  binutils-2.45.1-5.fc43.x86_64.rpm  binutils/2.45.1/5.fc43
5743670afa9407220328cc54ba59272ce16918969643de66ab438affcf25b9db  clang-21.1.8-6.fc43.x86_64.rpm  llvm/21.1.8/6.fc43
743c195f7644d647a113fe123c5e00ebba8735305b52fcb49020ca788ef2819f  clang-libs-21.1.8-6.fc43.x86_64.rpm  llvm/21.1.8/6.fc43
4370885c73f9cb643c4cc63ec2da19aac10006ca3f654956bb662ac6b5c9ff34  clang-resource-filesystem-21.1.8-6.fc43.x86_64.rpm  llvm/21.1.8/6.fc43
a645873054c9cd01e6bfca6f9434ca0e14f6c32b003eaa02c3bc1ebcc9f6f144  cmake-filesystem-3.31.11-1.fc43.x86_64.rpm  cmake/3.31.11/1.fc43
57fccf70dd9d4d15e3e3c292e93043b389ea85d0daeae77ee21aa70825b0dead  cpio-2.15-6.fc43.x86_64.rpm  cpio/2.15/6.fc43
dda7e77b4003f5dd9bf1d68497aa4db35c9052b6aa4fc47e7c0ad908c6e0dd4f  cpp-15.3.1-1.fc43.x86_64.rpm  gcc/15.3.1/1.fc43
dd29e6caacf285026ea52f23216e300be8c15f6b3ef2e15096e047fbdfbdbfd8  diffutils-3.12-3.fc43.x86_64.rpm  diffutils/3.12/3.fc43
6c0448ab58176c5041572d4958f24cdb46c1c0ee7007b2f24a577286a9647973  elfutils-debuginfod-client-0.196-1.fc43.x86_64.rpm  elfutils/0.196/1.fc43
a75d4b7654d144ed5c977244cf5639d867e8ae9be170bcd263e36c6f5f3fb2db  elfutils-libelf-devel-0.196-1.fc43.x86_64.rpm  elfutils/0.196/1.fc43
04e597976539414f5553e10f633eee56f496080508cab0c93b3f3c1ff2320a1c  expat-2.8.3-1.fc43.x86_64.rpm  expat/2.8.3/1.fc43
da3cf12f62c4037e89b5fb76d185a002aa68aa2b6431e8d4d700ea86d7fa2103  gcc-15.3.1-1.fc43.x86_64.rpm  gcc/15.3.1/1.fc43
141293304a3935f9457eb475ddf599a71ad76b253883d119749704249f54ec8d  gcc-c++-15.3.1-1.fc43.x86_64.rpm  gcc/15.3.1/1.fc43
51d7d1337bde6a9fe7182cf127e562316ef791f61dc289167d98190b2839d487  git-2.55.0-1.fc43.x86_64.rpm  git/2.55.0/1.fc43
4669e60d2677683d2e9105a6e3d7b55179049b6643bec9704bd1b88ad65e99f6  git-core-2.55.0-1.fc43.x86_64.rpm  git/2.55.0/1.fc43
d9b9e9c7c592d510ce0df81367e1d36987385ab23ae0872d018c548e14c8a47f  git-core-doc-2.55.0-1.fc43.noarch.rpm  git/2.55.0/1.fc43
c38b1185f8e046e60cd833f902745f43a254e3ebaffc5bf7ff0b76def98d6ca5  glibc-devel-2.42-16.fc43.x86_64.rpm  glibc/2.42/16.fc43
5a3d020224bac53572bce86ab0ed54d3bd0cc44beadcd6a4670da374c0eba199  groff-base-1.23.0-11.fc43.x86_64.rpm  groff/1.23.0/11.fc43
921b0dae9b5d23da9abb7caa726b507a61b639eaa048e94f80cca3747f2ca459  jansson-2.14-3.fc43.x86_64.rpm  jansson/2.14/3.fc43
500eefd759fcccdcda764cdae3eaac95ec9f5fcd81118c49b74a1098edd05345  kernel-headers-7.2.4-100.fc43.x86_64.rpm  kernel-headers/7.2.4/100.fc43
2ff7b5c219533d90ca689694385c74de48a1ed3cfbe2884aad19cccb13e7788e  kmod-34.2-2.fc43.x86_64.rpm  kmod/34.2/2.fc43
f8613b66708a1f1f5ca8b45699b79418ec2885db35c2155e552b5bec871fb915  less-704-4.fc43.x86_64.rpm  less/704/4.fc43
0cdabd5c8220186eb77a1768b87418112d34794277fb24453a8432f2fb5bfaf7  libcbor-0.12.0-6.fc43.x86_64.rpm  libcbor/0.12.0/6.fc43
f194ddf604b629de9cec615f0fe01782e248b3b96406a0bf0808c860b829b657  libedit-3.1-58.20260512cvs.fc43.x86_64.rpm  libedit/3.1/58.20260512cvs.fc43
e683f03e2c864e5d4b455a36920df599b1c0a6625ad98e31245750ee21654829  libfdisk-2.41.5-1.fc43.x86_64.rpm  util-linux/2.41.5/1.fc43
e9ca30655b9837a8539357954ab9c0ebfe8c165f9f05ad50d07af1546daaea34  libfido2-1.16.0-3.fc43.x86_64.rpm  libfido2/1.16.0/3.fc43
206f1f6f66fad934c7fb3bbdac4c07e0b6f467e33d609e3a4c37ca615c9ffb83  liblastlog2-2.41.5-1.fc43.x86_64.rpm  util-linux/2.41.5/1.fc43
0e939f8c2f76c15fdf67bd734ea7d17cff8cb413964593021cedf2cf893cc650  libmpc-1.3.1-8.fc43.x86_64.rpm  libmpc/1.3.1/8.fc43
cfcd48adc62fab0575792b9b3e974dbe04f1896d9584e016d8730ee7d4816365  libpkgconf-2.3.0-3.fc43.x86_64.rpm  pkgconf/2.3.0/3.fc43
d6cda1ca54e578c3c26c3e161a4167c7777a586be0a331492359420317259928  libstdc++-devel-15.3.1-1.fc43.x86_64.rpm  gcc/15.3.1/1.fc43
000fa7b8513510f2c858526d2921fa59006fb75c0b6c3c1c002ba8cbbc44d2ca  libxcrypt-devel-4.5.2-1.fc43.x86_64.rpm  libxcrypt/4.5.2/1.fc43
89f82fc27d66d516956ec82f643e4af4db1709644dc5456b93a8434c4539cd0c  libzstd-devel-1.5.7-2.fc43.x86_64.rpm  zstd/1.5.7/2.fc43
ceed15b17a687b9eedf2fe2db0fe56f4110af0a3ca18a39a8d1b66ade421dcaf  lld-21.1.8-6.fc43.x86_64.rpm  llvm/21.1.8/6.fc43
8e9dfaafa1de31c3ddf6364f686d7f5c246d6f40c03e524510cb6c1b60d7f1cb  lld-libs-21.1.8-6.fc43.x86_64.rpm  llvm/21.1.8/6.fc43
0e28987dcb06a7e67a2ba873b26593de4413d6d6b7c64337b9e499e7bc9f3d29  llvm-21.1.8-6.fc43.x86_64.rpm  llvm/21.1.8/6.fc43
1dc5962d6b093a089fea339d6d14b700b018642ab1fd6ac380d258fc730701f0  llvm-filesystem-21.1.8-6.fc43.x86_64.rpm  llvm/21.1.8/6.fc43
1371a4c462a12ee55c1889054facfd3ed2cf533ebf5087f2d566da36afc8f06a  llvm-libs-21.1.8-6.fc43.x86_64.rpm  llvm/21.1.8/6.fc43
8d62ba58e275f36aac56364993768583a4b7ecaa0719ecb804d46a0df2c91bba  make-4.4.1-11.fc43.x86_64.rpm  make/4.4.1/11.fc43
2e0113c2e1c6edacdd9b548419036cfb1bdb0df6bfca7cd6717c00c80f365ca9  mpdecimal-4.0.1-2.fc43.x86_64.rpm  mpdecimal/4.0.1/2.fc43
d9aa581f2240c040a71c4a1850a2aac5865f18f1c52ef7bd9f925fc83464ab81  ncurses-6.5-7.20250614.fc43.x86_64.rpm  ncurses/6.5/7.20250614.fc43
1a341e18b54f336892ff5b46aeb5b49fd183e34138e0c8b140ee7fac821e909e  openssh-10.0p1-12.fc43.x86_64.rpm  openssh/10.0p1/12.fc43
8e25314efb98ce9cbf6cdaba7463c63d3da33cad898dfd65a8e74ac7c62aaae2  openssh-clients-10.0p1-12.fc43.x86_64.rpm  openssh/10.0p1/12.fc43
134c516189f239b33a857b7b1bc510737ce8cc1db7142b9bcc347bb7a35bbc4e  openssl-3.5.8-1.fc43.x86_64.rpm  openssl/3.5.8/1.fc43
e528ec14f81f13476fba59cbcf19eb50cd8c2e9359e2aee104a4ba5cf6b1858f  perl-AutoLoader-5.74-524.fc43.noarch.rpm  perl/5.42.3/524.fc43
d94ab6a9f8e11c785c3de400d6e02c4f3682bd1bde6941518ac861bcf910776f  perl-B-1.89-524.fc43.x86_64.rpm  perl/5.42.3/524.fc43
86d0fcc60243334524e712aeb4156cda6bf0b53ed63bf8fe7d74bf383b964db2  perl-Carp-1.54-520.fc43.noarch.rpm  perl-Carp/1.54/520.fc43
197d9d2c85cea9a41318f7e4003318bb7bd108ffb901b1c7b38ad2ed1925fb3d  perl-Class-Struct-0.68-524.fc43.noarch.rpm  perl/5.42.3/524.fc43
808479ea66f8ce835d1224b92658613b86fda6f04e9f69591a652d9c9b2c3557  perl-Data-Dumper-2.192-522.fc43.x86_64.rpm  perl-Data-Dumper/2.192/522.fc43
12f571634e3ce8c3f0d8559b9f5396f971c458334f28414b68594289d503c8d9  perl-Digest-1.20-520.fc43.noarch.rpm  perl-Digest/1.20/520.fc43
2db1c971ef2869807c7720030fbe224650b57b44cd49fd9d6bfd0e696c75e694  perl-Digest-MD5-2.59-520.fc43.x86_64.rpm  perl-Digest-MD5/2.59/520.fc43
fe46e2a9aa2cac3df3758a25a13407fceec6da513232d4f620973caa2796d15f  perl-DynaLoader-1.57-524.fc43.x86_64.rpm  perl/5.42.3/524.fc43
c79569dca0dedb28a9748ea107d58dcd84701e783de53be30b56ee81592debcf  perl-Encode-3.21-520.fc43.x86_64.rpm  perl-Encode/3.21/520.fc43
14919d7fe25e41cb91374b44a265892dc8e76cc734e1faca20f890d64a06eaf6  perl-Errno-1.38-524.fc43.x86_64.rpm  perl/5.42.3/524.fc43
0fb85b81dbaf0d82f3ce7f8854c503b959601c64b07d41a01673e3bcc813dfb6  perl-Error-0.17030-2.fc43.noarch.rpm  perl-Error/0.17030/2.fc43
cc53f6517505f5ea7954b9ac839298d1bce2714bd4a49b7b1cf905fc39a6655d  perl-Exporter-5.79-520.fc43.noarch.rpm  perl-Exporter/5.79/520.fc43
0a971775759e843335d782602ae23746f422d60e641aa46bfd9c1d8feea4510e  perl-Fcntl-1.20-524.fc43.x86_64.rpm  perl/5.42.3/524.fc43
87694504162a29d94c5d1a49a2610f374bf5b0b1a02702ff4369fe90eac9387b  perl-File-Basename-2.86-524.fc43.noarch.rpm  perl/5.42.3/524.fc43
2e1f5f7bad27aa20cc6c6e66bd65e6f8f23a559c770f3db1ae9e3fdadecca1f3  perl-File-Path-2.18-520.fc43.noarch.rpm  perl-File-Path/2.18/520.fc43
4032851b6945afbf5e67c18a0eaff83d8f5dfdd8aaa177a7fb3e113d6a79976c  perl-File-Temp-0.231.100-520.fc43.noarch.rpm  perl-File-Temp/0.231.100/520.fc43
2d557aa026ca52a490f3b6a0cbf168e04fc4b9ce14b3b977edc522fd49f730d9  perl-File-stat-1.14-524.fc43.noarch.rpm  perl/5.42.3/524.fc43
1fcffa9a011a0a87ee97b1b315d1a81793b7e9c9ce6f660988cbaee747f84fed  perl-FileHandle-2.05-524.fc43.noarch.rpm  perl/5.42.3/524.fc43
9d006fb2fd884058ea885de08e44470525dd899428821ac6af986a074f357a5b  perl-Getopt-Long-2.58-520.fc43.noarch.rpm  perl-Getopt-Long/2.58/520.fc43
8e7d1ab71cd50632f81299651c3e14a3185790d4cf72ed777b9926195545f391  perl-Getopt-Std-1.14-524.fc43.noarch.rpm  perl/5.42.3/524.fc43
c58c9cb1be4b1ca561ef3e0569acb8f2d10beaab9c00e246d52f211644dc5dc7  perl-Git-2.55.0-1.fc43.noarch.rpm  git/2.55.0/1.fc43
a3cda2b041ada11225e10d866ec007b135dd4460d023aa7f327d21ced86f96ce  perl-HTTP-Tiny-0.096-1.fc43.noarch.rpm  perl-HTTP-Tiny/0.096/1.fc43
10a6d10c70db1880d6aa173aa74c863fa71c2718ccf683719e2a30acfa254e63  perl-IO-1.55-524.fc43.x86_64.rpm  perl/5.42.3/524.fc43
bfea0670221affc2544f0bb67dea688b2ba8abbc4cffd6471b0ffe68d4381720  perl-IO-Socket-IP-0.43-521.fc43.noarch.rpm  perl-IO-Socket-IP/0.43/521.fc43
c1dfea56d329ec3785d8c1395d35747dfe76091d3d8f5e74c731e30ad982cbb7  perl-IO-Socket-SSL-2.095-2.fc43.noarch.rpm  perl-IO-Socket-SSL/2.095/2.fc43
88f6177aa572026ce35abed4a4641a7d93b65abb20e11ba9626268f12aa9e86e  perl-IPC-Open3-1.24-524.fc43.noarch.rpm  perl/5.42.3/524.fc43
ec2745769beaa0cf8ff62ad0d6daf65dde28306b9688fc8259d5a965f1152bd9  perl-MIME-Base32-1.303-24.fc43.noarch.rpm  perl-MIME-Base32/1.303/24.fc43
9ea83665644af9945ebb62e44a31432e3f8cabb4d1d840832caeb24d39be7de3  perl-MIME-Base64-3.16-520.fc43.x86_64.rpm  perl-MIME-Base64/3.16/520.fc43
ba1d4bfec6d5625a005b47f105873cbce9467a9bdc55246589bb2f8e2f4c2671  perl-Net-SSLeay-1.94-11.fc43.x86_64.rpm  perl-Net-SSLeay/1.94/11.fc43
55035b8f1928f4457f39519771c1e42e942378756bb3229259ab8d8e5d38ac4a  perl-POSIX-2.23-524.fc43.x86_64.rpm  perl/5.42.3/524.fc43
a716f1e6c8f2d29059590c91a13e7843b83bda356acc80dc4cd5a0cf0d8e9273  perl-PathTools-3.94-520.fc43.x86_64.rpm  perl-PathTools/3.94/520.fc43
62351597026d6fff763eb8720a4587b7ac552bf1e8b7556be0069ea89e924e88  perl-Pod-Escapes-1.07-520.fc43.noarch.rpm  perl-Pod-Escapes/1.07/520.fc43
491d9c1bec868ae83b49b817f009540f948bd34324ced0ed3556b7356bbbd9a6  perl-Pod-Perldoc-3.28.01-521.fc43.noarch.rpm  perl-Pod-Perldoc/3.28.01/521.fc43
33d9173214801928594958ab65a50a2b3e7d4bbf2a8ba8b587be967aad690441  perl-Pod-Simple-3.47-3.fc43.noarch.rpm  perl-Pod-Simple/3.47/3.fc43
7b0abe2cf023923e6e717ddb47deeef3612b00e20543797d1c03c1b4df84db47  perl-Pod-Usage-2.05-520.fc43.noarch.rpm  perl-Pod-Usage/2.05/520.fc43
db80bb3d0288f8bb67458ba46b8a9be340588f8fe512b2864efdbc20f95503fd  perl-Scalar-List-Utils-1.70-1.fc43.x86_64.rpm  perl-Scalar-List-Utils/1.70/1.fc43
5a085a500c3bd59c9b9b7c7c6b6f17aeb9023373afd61cc04377772b1b57931b  perl-SelectSaver-1.02-524.fc43.noarch.rpm  perl/5.42.3/524.fc43
791ac0f2a89015d981b09f453595fc7c03bc0c01178402af68f864549f2e5306  perl-Socket-2.043-1.fc43.x86_64.rpm  perl-Socket/2.043/1.fc43
f08a63546a639243ac8a7bd36067cb5418c4771491eda81d4738122d189ccb24  perl-Storable-3.37-521.fc43.x86_64.rpm  perl-Storable/3.37/521.fc43
bf0f003d13b5ee2529a2170aa58ef6f4a3e39af30d4f40071681a737b80c24b7  perl-Symbol-1.09-524.fc43.noarch.rpm  perl/5.42.3/524.fc43
c64db2443f116e0ae36706181105d71a01416ef6d40c33d4356bce1f7acf7265  perl-Term-ANSIColor-5.01-521.fc43.noarch.rpm  perl-Term-ANSIColor/5.01/521.fc43
0824eba9dbd381b3b43a68f446b3658158e0855cafce167ae042263aa48b8cd7  perl-Term-Cap-1.18-520.fc43.noarch.rpm  perl-Term-Cap/1.18/520.fc43
fae275433479c1cb63c390ecf72a8167548a2ec6e64c6db67ece213c15fedb5c  perl-TermReadKey-2.38-26.fc43.x86_64.rpm  perl-TermReadKey/2.38/26.fc43
6ec28e803da09539acb8284ba699711a343cc99571c3b0a570828c8ecdf50c3a  perl-Text-ParseWords-3.31-520.fc43.noarch.rpm  perl-Text-ParseWords/3.31/520.fc43
c7252d531f726bd658ffd2615bf1990691385226e700b165bf11e64150f11ba0  perl-Text-Tabs+Wrap-2024.001-520.fc43.noarch.rpm  perl-Text-Tabs+Wrap/2024.001/520.fc43
46b42f7355ab819e88cde252b45e82e8404a3b03b64e1b93d7b0b1b8f1e465f7  perl-Time-HiRes-1.9778-520.fc43.x86_64.rpm  perl-Time-HiRes/1.9778/520.fc43
8303f238618222780478d5f6252d217935429b3d75befee6679833a22f476f2f  perl-Time-Local-1.350-520.fc43.noarch.rpm  perl-Time-Local/1.350/520.fc43
16742a56380ebb9174fa212a5bf7b0ebdaafdd44ff9a07892ad671d3be1f814b  perl-URI-5.36-1.fc43.noarch.rpm  perl-URI/5.36/1.fc43
b0f4e9bd9dff4ae00eef4ceedd94640961cb5cbc4485dd2ee2eefcaaa2010102  perl-Unicode-Normalize-1.32-520.fc43.x86_64.rpm  perl-Unicode-Normalize/1.32/520.fc43
3b756151084b2fa1897a7c26da09a8d7dd7d823f044d4f5f7bbba51306c8cec3  perl-base-2.27-524.fc43.noarch.rpm  perl/5.42.3/524.fc43
8852b4bf81b0fb52d3439a2ea7914a33bbc67939f48bf09a9d563e8608d4259a  perl-constant-1.33-521.fc43.noarch.rpm  perl-constant/1.33/521.fc43
507b4df5c73ed7e16f4c8de44d2930468a172c2eb5993789e914a0603c0d9f6b  perl-if-0.61.000-524.fc43.noarch.rpm  perl/5.42.3/524.fc43
28b933e2138d19d534dc3dcf72449ee0e25d695cd259fa5d8f20a7baf71f6b91  perl-interpreter-5.42.3-524.fc43.x86_64.rpm  perl/5.42.3/524.fc43
5c48ead75d9e4c397023f2c619aaee635101d8b4858d588c2b88524b27a83a91  perl-lib-0.65-524.fc43.x86_64.rpm  perl/5.42.3/524.fc43
ec13ac69ba31f0162412e1bb9a0887803abaae263cf56f9bb4a0ee81007490d6  perl-libnet-3.15-521.fc43.noarch.rpm  perl-libnet/3.15/521.fc43
20a699a3c3702520a805a8c8d57b7e79bb3ee9564b59ca22fcbdeaf249f86da4  perl-libs-5.42.3-524.fc43.x86_64.rpm  perl/5.42.3/524.fc43
88447c76476b9049f250823568c99924c5854b0e36a1cdcab46903ded7fec741  perl-locale-1.13-524.fc43.noarch.rpm  perl/5.42.3/524.fc43
1d7b490e5c4f92f21e39805c519c06d753c6f990944868fb412e48906238996a  perl-mro-1.29-524.fc43.x86_64.rpm  perl/5.42.3/524.fc43
04b665b45320d163d63ce3553adc3613b9a306931b728bbd41176d2ebade75ab  perl-overload-1.40-524.fc43.noarch.rpm  perl/5.42.3/524.fc43
8e625efc7a2a418c19121b0fc5ac5e8047cd2fe15d49ce906c52f8dd3113a7ca  perl-overloading-0.02-524.fc43.noarch.rpm  perl/5.42.3/524.fc43
d800119dea64cba7caec5b85c828e967d965b4e01ea5f323e642077054b2f1f0  perl-parent-0.244-520.fc43.noarch.rpm  perl-parent/0.244/520.fc43
290c23f5ba1b09dbd621c544ffd7563187a3956a76ba4e17d2d092191228d49d  perl-podlators-6.0.2-520.fc43.noarch.rpm  perl-podlators/6.0.2/520.fc43
ae646429e7836017d030fdc38cc538337a5f9bc4ae6d2d3b8f415a246143c2c6  perl-vars-1.05-524.fc43.noarch.rpm  perl/5.42.3/524.fc43
9e313348d39f6e592fe4652426512cdfdcbf7bd35e180743312028ba6e46869d  pkgconf-2.3.0-3.fc43.x86_64.rpm  pkgconf/2.3.0/3.fc43
650e3ca57119ea154ccb0476d8950e3a833ac8fcdc568ac6a0f5732c537d6891  pkgconf-m4-2.3.0-3.fc43.noarch.rpm  pkgconf/2.3.0/3.fc43
4ae294440b9d8e8ae7477ee1ae0ff6e0f7faec4ec307fdef082004795aedae78  pkgconf-pkg-config-2.3.0-3.fc43.x86_64.rpm  pkgconf/2.3.0/3.fc43
89412371b52d49564857ebbd913883f0bd423f0d3cb257fa74972adf7067d165  python-pip-wheel-25.1.1-19.fc43.noarch.rpm  python-pip/25.1.1/19.fc43
e4da08e8a7e5cc65e15c9b01c41389fac308cdaac5d767f01fdcffa1b61d1663  python3-3.14.7-1.fc43.x86_64.rpm  python3.14/3.14.7/1.fc43
592ba12e09cdec59228bcd07ba332fe441afb7a8496b2bb2d73d663886952004  python3-libs-3.14.7-1.fc43.x86_64.rpm  python3.14/3.14.7/1.fc43
9b4ee82bc5c3f48dc22a162989f8c648fd843644db81a315bcffa1313a8970a6  util-linux-2.41.5-1.fc43.x86_64.rpm  util-linux/2.41.5/1.fc43
f637f5c3c930923bc8cc55f836fee606a3d064060f73ded47a4a4a8bec725434  zlib-ng-compat-devel-2.3.3-2.fc43.x86_64.rpm  zlib-ng/2.3.3/2.fc43
